// !$*UTF8*$!
{
	archiveVersion = 1;
	classes = {
	};
	objectVersion = 50;
	objects = {

/* Begin PBXBuildFile section */
		9C8621922194A0A900D4202A /* OrderedSet.swift in Sources */ = {isa = PBXBuildFile; fileRef = 9C8621912194A0A900D4202A /* OrderedSet.swift */; };
		9C8621932194A0A900D4202A /* OrderedSet.swift in Sources */ = {isa = PBXBuildFile; fileRef = 9C8621912194A0A900D4202A /* OrderedSet.swift */; };
		9C8621942194A0A900D4202A /* OrderedSet.swift in Sources */ = {isa = PBXBuildFile; fileRef = 9C8621912194A0A900D4202A /* OrderedSet.swift */; };
		9C8621952194A0A900D4202A /* OrderedSet.swift in Sources */ = {isa = PBXBuildFile; fileRef = 9C8621912194A0A900D4202A /* OrderedSet.swift */; };
		9C86219B21951BD100D4202A /* OrderedSetTests.swift in Sources */ = {isa = PBXBuildFile; fileRef = 9C8621962194A48D00D4202A /* OrderedSetTests.swift */; };
		9C86219C21951BD200D4202A /* OrderedSetTests.swift in Sources */ = {isa = PBXBuildFile; fileRef = 9C8621962194A48D00D4202A /* OrderedSetTests.swift */; };
		9C86219D21951BD200D4202A /* OrderedSetTests.swift in Sources */ = {isa = PBXBuildFile; fileRef = 9C8621962194A48D00D4202A /* OrderedSetTests.swift */; };
		9C8621A321957E3A00D4202A /* OrderedSet+RandomAccessCollectionTests.swift in Sources */ = {isa = PBXBuildFile; fileRef = 9C86219E21957E3400D4202A /* OrderedSet+RandomAccessCollectionTests.swift */; };
		9C8621A421957E3B00D4202A /* OrderedSet+RandomAccessCollectionTests.swift in Sources */ = {isa = PBXBuildFile; fileRef = 9C86219E21957E3400D4202A /* OrderedSet+RandomAccessCollectionTests.swift */; };
		9C8621A521957E3B00D4202A /* OrderedSet+RandomAccessCollectionTests.swift in Sources */ = {isa = PBXBuildFile; fileRef = 9C86219E21957E3400D4202A /* OrderedSet+RandomAccessCollectionTests.swift */; };
		9C8621B021957E5800D4202A /* OrderedSet+RangeReplaceableCollectionTests.swift in Sources */ = {isa = PBXBuildFile; fileRef = 9C8621A621957E4600D4202A /* OrderedSet+RangeReplaceableCollectionTests.swift */; };
		9C8621B121957E5800D4202A /* OrderedSet+SetAlgebraTests.swift in Sources */ = {isa = PBXBuildFile; fileRef = 9C8621AB21957E5300D4202A /* OrderedSet+SetAlgebraTests.swift */; };
		9C8621B221957E5800D4202A /* OrderedSet+RangeReplaceableCollectionTests.swift in Sources */ = {isa = PBXBuildFile; fileRef = 9C8621A621957E4600D4202A /* OrderedSet+RangeReplaceableCollectionTests.swift */; };
		9C8621B321957E5800D4202A /* OrderedSet+SetAlgebraTests.swift in Sources */ = {isa = PBXBuildFile; fileRef = 9C8621AB21957E5300D4202A /* OrderedSet+SetAlgebraTests.swift */; };
		9C8621B421957E5900D4202A /* OrderedSet+RangeReplaceableCollectionTests.swift in Sources */ = {isa = PBXBuildFile; fileRef = 9C8621A621957E4600D4202A /* OrderedSet+RangeReplaceableCollectionTests.swift */; };
		9C8621B521957E5900D4202A /* OrderedSet+SetAlgebraTests.swift in Sources */ = {isa = PBXBuildFile; fileRef = 9C8621AB21957E5300D4202A /* OrderedSet+SetAlgebraTests.swift */; };
		9C8621B72195810A00D4202A /* OrderedSet+RandomAccessCollection.swift in Sources */ = {isa = PBXBuildFile; fileRef = 9C8621B62195810A00D4202A /* OrderedSet+RandomAccessCollection.swift */; };
		9C8621B82195810A00D4202A /* OrderedSet+RandomAccessCollection.swift in Sources */ = {isa = PBXBuildFile; fileRef = 9C8621B62195810A00D4202A /* OrderedSet+RandomAccessCollection.swift */; };
		9C8621B92195810A00D4202A /* OrderedSet+RandomAccessCollection.swift in Sources */ = {isa = PBXBuildFile; fileRef = 9C8621B62195810A00D4202A /* OrderedSet+RandomAccessCollection.swift */; };
		9C8621BA2195810A00D4202A /* OrderedSet+RandomAccessCollection.swift in Sources */ = {isa = PBXBuildFile; fileRef = 9C8621B62195810A00D4202A /* OrderedSet+RandomAccessCollection.swift */; };
		9C8621BC2195811A00D4202A /* OrderedSet+RangeReplaceableCollection.swift in Sources */ = {isa = PBXBuildFile; fileRef = 9C8621BB2195811A00D4202A /* OrderedSet+RangeReplaceableCollection.swift */; };
		9C8621BD2195811A00D4202A /* OrderedSet+RangeReplaceableCollection.swift in Sources */ = {isa = PBXBuildFile; fileRef = 9C8621BB2195811A00D4202A /* OrderedSet+RangeReplaceableCollection.swift */; };
		9C8621BE2195811A00D4202A /* OrderedSet+RangeReplaceableCollection.swift in Sources */ = {isa = PBXBuildFile; fileRef = 9C8621BB2195811A00D4202A /* OrderedSet+RangeReplaceableCollection.swift */; };
		9C8621BF2195811A00D4202A /* OrderedSet+RangeReplaceableCollection.swift in Sources */ = {isa = PBXBuildFile; fileRef = 9C8621BB2195811A00D4202A /* OrderedSet+RangeReplaceableCollection.swift */; };
		9C8621C12195812B00D4202A /* OrderedSet+SetAlgebra.swift in Sources */ = {isa = PBXBuildFile; fileRef = 9C8621C02195812B00D4202A /* OrderedSet+SetAlgebra.swift */; };
		9C8621C22195812B00D4202A /* OrderedSet+SetAlgebra.swift in Sources */ = {isa = PBXBuildFile; fileRef = 9C8621C02195812B00D4202A /* OrderedSet+SetAlgebra.swift */; };
		9C8621C32195812B00D4202A /* OrderedSet+SetAlgebra.swift in Sources */ = {isa = PBXBuildFile; fileRef = 9C8621C02195812B00D4202A /* OrderedSet+SetAlgebra.swift */; };
		9C8621C42195812B00D4202A /* OrderedSet+SetAlgebra.swift in Sources */ = {isa = PBXBuildFile; fileRef = 9C8621C02195812B00D4202A /* OrderedSet+SetAlgebra.swift */; };
		9C953DC021798F22008089A8 /* OrderedHashedCollection.framework in Frameworks */ = {isa = PBXBuildFile; fileRef = 9C953DB621798F22008089A8 /* OrderedHashedCollection.framework */; };
		9C953DDC21798F2D008089A8 /* OrderedHashedCollection.framework in Frameworks */ = {isa = PBXBuildFile; fileRef = 9C953DD321798F2D008089A8 /* OrderedHashedCollection.framework */; };
		9C953E0521798F3E008089A8 /* OrderedHashedCollection.framework in Frameworks */ = {isa = PBXBuildFile; fileRef = 9C953DFC21798F3E008089A8 /* OrderedHashedCollection.framework */; };
		9C953E1A21798FA5008089A8 /* OrderedDictionary.swift in Sources */ = {isa = PBXBuildFile; fileRef = 9C953E1921798FA5008089A8 /* OrderedDictionary.swift */; };
		9C953E1B21798FA5008089A8 /* OrderedDictionary.swift in Sources */ = {isa = PBXBuildFile; fileRef = 9C953E1921798FA5008089A8 /* OrderedDictionary.swift */; };
		9C953E1C21798FA5008089A8 /* OrderedDictionary.swift in Sources */ = {isa = PBXBuildFile; fileRef = 9C953E1921798FA5008089A8 /* OrderedDictionary.swift */; };
		9C953E1D21798FA5008089A8 /* OrderedDictionary.swift in Sources */ = {isa = PBXBuildFile; fileRef = 9C953E1921798FA5008089A8 /* OrderedDictionary.swift */; };
		9C953E1F21798FBD008089A8 /* OrderedDictionarySlice.swift in Sources */ = {isa = PBXBuildFile; fileRef = 9C953E1E21798FBD008089A8 /* OrderedDictionarySlice.swift */; };
		9C953E2021798FBD008089A8 /* OrderedDictionarySlice.swift in Sources */ = {isa = PBXBuildFile; fileRef = 9C953E1E21798FBD008089A8 /* OrderedDictionarySlice.swift */; };
		9C953E2121798FBD008089A8 /* OrderedDictionarySlice.swift in Sources */ = {isa = PBXBuildFile; fileRef = 9C953E1E21798FBD008089A8 /* OrderedDictionarySlice.swift */; };
		9C953E2221798FBD008089A8 /* OrderedDictionarySlice.swift in Sources */ = {isa = PBXBuildFile; fileRef = 9C953E1E21798FBD008089A8 /* OrderedDictionarySlice.swift */; };
		9C953E2821799047008089A8 /* OrderedDictionaryTests.swift in Sources */ = {isa = PBXBuildFile; fileRef = 9C953E232179903B008089A8 /* OrderedDictionaryTests.swift */; };
		9C953E2921799047008089A8 /* OrderedDictionaryTests.swift in Sources */ = {isa = PBXBuildFile; fileRef = 9C953E232179903B008089A8 /* OrderedDictionaryTests.swift */; };
		9C953E2A21799048008089A8 /* OrderedDictionaryTests.swift in Sources */ = {isa = PBXBuildFile; fileRef = 9C953E232179903B008089A8 /* OrderedDictionaryTests.swift */; };
/* End PBXBuildFile section */

/* Begin PBXContainerItemProxy section */
		9C953DC121798F22008089A8 /* PBXContainerItemProxy */ = {
			isa = PBXContainerItemProxy;
			containerPortal = 9C953CE021797EC0008089A8 /* Project object */;
			proxyType = 1;
			remoteGlobalIDString = 9C953DB521798F22008089A8;
			remoteInfo = "OrderedDictionary-macOS";
		};
		9C953DDD21798F2D008089A8 /* PBXContainerItemProxy */ = {
			isa = PBXContainerItemProxy;
			containerPortal = 9C953CE021797EC0008089A8 /* Project object */;
			proxyType = 1;
			remoteGlobalIDString = 9C953DD221798F2D008089A8;
			remoteInfo = "OrderedDictionary-iOS";
		};
		9C953E0621798F3E008089A8 /* PBXContainerItemProxy */ = {
			isa = PBXContainerItemProxy;
			containerPortal = 9C953CE021797EC0008089A8 /* Project object */;
			proxyType = 1;
			remoteGlobalIDString = 9C953DFB21798F3E008089A8;
			remoteInfo = "OrderedDictionary-tvOS";
		};
/* End PBXContainerItemProxy section */

/* Begin PBXFileReference section */
		9C8621912194A0A900D4202A /* OrderedSet.swift */ = {isa = PBXFileReference; lastKnownFileType = sourcecode.swift; path = OrderedSet.swift; sourceTree = "<group>"; };
		9C8621962194A48D00D4202A /* OrderedSetTests.swift */ = {isa = PBXFileReference; lastKnownFileType = sourcecode.swift; path = OrderedSetTests.swift; sourceTree = "<group>"; };
		9C86219E21957E3400D4202A /* OrderedSet+RandomAccessCollectionTests.swift */ = {isa = PBXFileReference; lastKnownFileType = sourcecode.swift; path = "OrderedSet+RandomAccessCollectionTests.swift"; sourceTree = "<group>"; };
		9C8621A621957E4600D4202A /* OrderedSet+RangeReplaceableCollectionTests.swift */ = {isa = PBXFileReference; lastKnownFileType = sourcecode.swift; path = "OrderedSet+RangeReplaceableCollectionTests.swift"; sourceTree = "<group>"; };
		9C8621AB21957E5300D4202A /* OrderedSet+SetAlgebraTests.swift */ = {isa = PBXFileReference; lastKnownFileType = sourcecode.swift; path = "OrderedSet+SetAlgebraTests.swift"; sourceTree = "<group>"; };
		9C8621B62195810A00D4202A /* OrderedSet+RandomAccessCollection.swift */ = {isa = PBXFileReference; lastKnownFileType = sourcecode.swift; path = "OrderedSet+RandomAccessCollection.swift"; sourceTree = "<group>"; };
		9C8621BB2195811A00D4202A /* OrderedSet+RangeReplaceableCollection.swift */ = {isa = PBXFileReference; lastKnownFileType = sourcecode.swift; path = "OrderedSet+RangeReplaceableCollection.swift"; sourceTree = "<group>"; };
		9C8621C02195812B00D4202A /* OrderedSet+SetAlgebra.swift */ = {isa = PBXFileReference; lastKnownFileType = sourcecode.swift; path = "OrderedSet+SetAlgebra.swift"; sourceTree = "<group>"; };
		9C953DB621798F22008089A8 /* OrderedHashedCollection.framework */ = {isa = PBXFileReference; explicitFileType = wrapper.framework; includeInIndex = 0; path = OrderedHashedCollection.framework; sourceTree = BUILT_PRODUCTS_DIR; };
		9C953DBF21798F22008089A8 /* OrderedHashedCollectionUnitTests-macOS.xctest */ = {isa = PBXFileReference; explicitFileType = wrapper.cfbundle; includeInIndex = 0; path = "OrderedHashedCollectionUnitTests-macOS.xctest"; sourceTree = BUILT_PRODUCTS_DIR; };
		9C953DD321798F2D008089A8 /* OrderedHashedCollection.framework */ = {isa = PBXFileReference; explicitFileType = wrapper.framework; includeInIndex = 0; path = OrderedHashedCollection.framework; sourceTree = BUILT_PRODUCTS_DIR; };
		9C953DDB21798F2D008089A8 /* OrderedHashedCollectionUnitTests-iOS.xctest */ = {isa = PBXFileReference; explicitFileType = wrapper.cfbundle; includeInIndex = 0; path = "OrderedHashedCollectionUnitTests-iOS.xctest"; sourceTree = BUILT_PRODUCTS_DIR; };
		9C953DEF21798F34008089A8 /* OrderedHashedCollection.framework */ = {isa = PBXFileReference; explicitFileType = wrapper.framework; includeInIndex = 0; path = OrderedHashedCollection.framework; sourceTree = BUILT_PRODUCTS_DIR; };
		9C953DFC21798F3E008089A8 /* OrderedHashedCollection.framework */ = {isa = PBXFileReference; explicitFileType = wrapper.framework; includeInIndex = 0; path = OrderedHashedCollection.framework; sourceTree = BUILT_PRODUCTS_DIR; };
		9C953E0421798F3E008089A8 /* OrderedHashedCollectionUnitTests-tvOS.xctest */ = {isa = PBXFileReference; explicitFileType = wrapper.cfbundle; includeInIndex = 0; path = "OrderedHashedCollectionUnitTests-tvOS.xctest"; sourceTree = BUILT_PRODUCTS_DIR; };
		9C953E1521798F88008089A8 /* Info.plist */ = {isa = PBXFileReference; lastKnownFileType = text.plist.xml; path = Info.plist; sourceTree = "<group>"; };
		9C953E1821798F88008089A8 /* Info.plist */ = {isa = PBXFileReference; lastKnownFileType = text.plist.xml; path = Info.plist; sourceTree = "<group>"; };
		9C953E1921798FA5008089A8 /* OrderedDictionary.swift */ = {isa = PBXFileReference; fileEncoding = 4; lastKnownFileType = sourcecode.swift; path = OrderedDictionary.swift; sourceTree = "<group>"; };
		9C953E1E21798FBD008089A8 /* OrderedDictionarySlice.swift */ = {isa = PBXFileReference; lastKnownFileType = sourcecode.swift; path = OrderedDictionarySlice.swift; sourceTree = "<group>"; };
		9C953E232179903B008089A8 /* OrderedDictionaryTests.swift */ = {isa = PBXFileReference; fileEncoding = 4; lastKnownFileType = sourcecode.swift; path = OrderedDictionaryTests.swift; sourceTree = "<group>"; };
/* End PBXFileReference section */

/* Begin PBXFrameworksBuildPhase section */
		9C953DB321798F22008089A8 /* Frameworks */ = {
			isa = PBXFrameworksBuildPhase;
			buildActionMask = 2147483647;
			files = (
			);
			runOnlyForDeploymentPostprocessing = 0;
		};
		9C953DBC21798F22008089A8 /* Frameworks */ = {
			isa = PBXFrameworksBuildPhase;
			buildActionMask = 2147483647;
			files = (
				9C953DC021798F22008089A8 /* OrderedHashedCollection.framework in Frameworks */,
			);
			runOnlyForDeploymentPostprocessing = 0;
		};
		9C953DD021798F2D008089A8 /* Frameworks */ = {
			isa = PBXFrameworksBuildPhase;
			buildActionMask = 2147483647;
			files = (
			);
			runOnlyForDeploymentPostprocessing = 0;
		};
		9C953DD821798F2D008089A8 /* Frameworks */ = {
			isa = PBXFrameworksBuildPhase;
			buildActionMask = 2147483647;
			files = (
				9C953DDC21798F2D008089A8 /* OrderedHashedCollection.framework in Frameworks */,
			);
			runOnlyForDeploymentPostprocessing = 0;
		};
		9C953DEC21798F34008089A8 /* Frameworks */ = {
			isa = PBXFrameworksBuildPhase;
			buildActionMask = 2147483647;
			files = (
			);
			runOnlyForDeploymentPostprocessing = 0;
		};
		9C953DF921798F3E008089A8 /* Frameworks */ = {
			isa = PBXFrameworksBuildPhase;
			buildActionMask = 2147483647;
			files = (
			);
			runOnlyForDeploymentPostprocessing = 0;
		};
		9C953E0121798F3E008089A8 /* Frameworks */ = {
			isa = PBXFrameworksBuildPhase;
			buildActionMask = 2147483647;
			files = (
				9C953E0521798F3E008089A8 /* OrderedHashedCollection.framework in Frameworks */,
			);
			runOnlyForDeploymentPostprocessing = 0;
		};
/* End PBXFrameworksBuildPhase section */

/* Begin PBXGroup section */
		9C86218D2194A01F00D4202A /* Dictionary */ = {
			isa = PBXGroup;
			children = (
				9C953E1921798FA5008089A8 /* OrderedDictionary.swift */,
				9C953E1E21798FBD008089A8 /* OrderedDictionarySlice.swift */,
			);
			path = Dictionary;
			sourceTree = "<group>";
		};
		9C86218E2194A02400D4202A /* Set */ = {
			isa = PBXGroup;
			children = (
				9C8621912194A0A900D4202A /* OrderedSet.swift */,
				9C8621B62195810A00D4202A /* OrderedSet+RandomAccessCollection.swift */,
				9C8621BB2195811A00D4202A /* OrderedSet+RangeReplaceableCollection.swift */,
				9C8621C02195812B00D4202A /* OrderedSet+SetAlgebra.swift */,
			);
			path = Set;
			sourceTree = "<group>";
		};
		9C86218F2194A02800D4202A /* Dictionary */ = {
			isa = PBXGroup;
			children = (
				9C953E232179903B008089A8 /* OrderedDictionaryTests.swift */,
			);
			path = Dictionary;
			sourceTree = "<group>";
		};
		9C8621902194A02E00D4202A /* Set */ = {
			isa = PBXGroup;
			children = (
				9C8621962194A48D00D4202A /* OrderedSetTests.swift */,
				9C86219E21957E3400D4202A /* OrderedSet+RandomAccessCollectionTests.swift */,
				9C8621A621957E4600D4202A /* OrderedSet+RangeReplaceableCollectionTests.swift */,
				9C8621AB21957E5300D4202A /* OrderedSet+SetAlgebraTests.swift */,
			);
			path = Set;
			sourceTree = "<group>";
		};
		9C953CDF21797EC0008089A8 = {
			isa = PBXGroup;
			children = (
				9C953E1621798F88008089A8 /* OrderedHashedCollection */,
				9C953E1321798F88008089A8 /* OrderedHashedCollectionUnitTests */,
				9C953DB721798F22008089A8 /* Products */,
			);
			sourceTree = "<group>";
		};
		9C953DB721798F22008089A8 /* Products */ = {
			isa = PBXGroup;
			children = (
				9C953DB621798F22008089A8 /* OrderedHashedCollection.framework */,
				9C953DBF21798F22008089A8 /* OrderedHashedCollectionUnitTests-macOS.xctest */,
				9C953DD321798F2D008089A8 /* OrderedHashedCollection.framework */,
				9C953DDB21798F2D008089A8 /* OrderedHashedCollectionUnitTests-iOS.xctest */,
				9C953DEF21798F34008089A8 /* OrderedHashedCollection.framework */,
				9C953DFC21798F3E008089A8 /* OrderedHashedCollection.framework */,
				9C953E0421798F3E008089A8 /* OrderedHashedCollectionUnitTests-tvOS.xctest */,
			);
			name = Products;
			sourceTree = "<group>";
		};
		9C953E1321798F88008089A8 /* OrderedHashedCollectionUnitTests */ = {
			isa = PBXGroup;
			children = (
				9C8621902194A02E00D4202A /* Set */,
				9C86218F2194A02800D4202A /* Dictionary */,
				9C953E1421798F88008089A8 /* Supporting Files */,
			);
			path = OrderedHashedCollectionUnitTests;
			sourceTree = "<group>";
		};
		9C953E1421798F88008089A8 /* Supporting Files */ = {
			isa = PBXGroup;
			children = (
				9C953E1521798F88008089A8 /* Info.plist */,
			);
			path = "Supporting Files";
			sourceTree = "<group>";
		};
		9C953E1621798F88008089A8 /* OrderedHashedCollection */ = {
			isa = PBXGroup;
			children = (
				9C86218E2194A02400D4202A /* Set */,
				9C86218D2194A01F00D4202A /* Dictionary */,
				9C953E1721798F88008089A8 /* Supporting Files */,
			);
			path = OrderedHashedCollection;
			sourceTree = "<group>";
		};
		9C953E1721798F88008089A8 /* Supporting Files */ = {
			isa = PBXGroup;
			children = (
				9C953E1821798F88008089A8 /* Info.plist */,
			);
			path = "Supporting Files";
			sourceTree = "<group>";
		};
/* End PBXGroup section */

/* Begin PBXHeadersBuildPhase section */
		9C953DB121798F22008089A8 /* Headers */ = {
			isa = PBXHeadersBuildPhase;
			buildActionMask = 2147483647;
			files = (
			);
			runOnlyForDeploymentPostprocessing = 0;
		};
		9C953DCE21798F2D008089A8 /* Headers */ = {
			isa = PBXHeadersBuildPhase;
			buildActionMask = 2147483647;
			files = (
			);
			runOnlyForDeploymentPostprocessing = 0;
		};
		9C953DEA21798F34008089A8 /* Headers */ = {
			isa = PBXHeadersBuildPhase;
			buildActionMask = 2147483647;
			files = (
			);
			runOnlyForDeploymentPostprocessing = 0;
		};
		9C953DF721798F3E008089A8 /* Headers */ = {
			isa = PBXHeadersBuildPhase;
			buildActionMask = 2147483647;
			files = (
			);
			runOnlyForDeploymentPostprocessing = 0;
		};
/* End PBXHeadersBuildPhase section */

/* Begin PBXNativeTarget section */
		9C953DB521798F22008089A8 /* OrderedHashedCollection-macOS */ = {
			isa = PBXNativeTarget;
			buildConfigurationList = 9C953DC821798F22008089A8 /* Build configuration list for PBXNativeTarget "OrderedHashedCollection-macOS" */;
			buildPhases = (
				9C953DB121798F22008089A8 /* Headers */,
				9C953DB221798F22008089A8 /* Sources */,
				9C953DB321798F22008089A8 /* Frameworks */,
				9C953DB421798F22008089A8 /* Resources */,
			);
			buildRules = (
			);
			dependencies = (
			);
			name = "OrderedHashedCollection-macOS";
			productName = "OrderedDictionary-macOS";
			productReference = 9C953DB621798F22008089A8 /* OrderedHashedCollection.framework */;
			productType = "com.apple.product-type.framework";
		};
		9C953DBE21798F22008089A8 /* OrderedHashedCollectionUnitTests-macOS */ = {
			isa = PBXNativeTarget;
			buildConfigurationList = 9C953DCB21798F22008089A8 /* Build configuration list for PBXNativeTarget "OrderedHashedCollectionUnitTests-macOS" */;
			buildPhases = (
				9C953DBB21798F22008089A8 /* Sources */,
				9C953DBC21798F22008089A8 /* Frameworks */,
				9C953DBD21798F22008089A8 /* Resources */,
			);
			buildRules = (
			);
			dependencies = (
				9C953DC221798F22008089A8 /* PBXTargetDependency */,
			);
			name = "OrderedHashedCollectionUnitTests-macOS";
			productName = "OrderedDictionary-macOSTests";
			productReference = 9C953DBF21798F22008089A8 /* OrderedHashedCollectionUnitTests-macOS.xctest */;
			productType = "com.apple.product-type.bundle.unit-test";
		};
		9C953DD221798F2D008089A8 /* OrderedHashedCollection-iOS */ = {
			isa = PBXNativeTarget;
			buildConfigurationList = 9C953DE421798F2D008089A8 /* Build configuration list for PBXNativeTarget "OrderedHashedCollection-iOS" */;
			buildPhases = (
				9C953DCE21798F2D008089A8 /* Headers */,
				9C953DCF21798F2D008089A8 /* Sources */,
				9C953DD021798F2D008089A8 /* Frameworks */,
				9C953DD121798F2D008089A8 /* Resources */,
			);
			buildRules = (
			);
			dependencies = (
			);
			name = "OrderedHashedCollection-iOS";
			productName = "OrderedDictionary-iOS";
			productReference = 9C953DD321798F2D008089A8 /* OrderedHashedCollection.framework */;
			productType = "com.apple.product-type.framework";
		};
		9C953DDA21798F2D008089A8 /* OrderedHashedCollectionUnitTests-iOS */ = {
			isa = PBXNativeTarget;
			buildConfigurationList = 9C953DE721798F2D008089A8 /* Build configuration list for PBXNativeTarget "OrderedHashedCollectionUnitTests-iOS" */;
			buildPhases = (
				9C953DD721798F2D008089A8 /* Sources */,
				9C953DD821798F2D008089A8 /* Frameworks */,
				9C953DD921798F2D008089A8 /* Resources */,
			);
			buildRules = (
			);
			dependencies = (
				9C953DDE21798F2D008089A8 /* PBXTargetDependency */,
			);
			name = "OrderedHashedCollectionUnitTests-iOS";
			productName = "OrderedDictionary-iOSTests";
			productReference = 9C953DDB21798F2D008089A8 /* OrderedHashedCollectionUnitTests-iOS.xctest */;
			productType = "com.apple.product-type.bundle.unit-test";
		};
		9C953DEE21798F34008089A8 /* OrderedHashedCollection-watchOS */ = {
			isa = PBXNativeTarget;
			buildConfigurationList = 9C953DF421798F34008089A8 /* Build configuration list for PBXNativeTarget "OrderedHashedCollection-watchOS" */;
			buildPhases = (
				9C953DEA21798F34008089A8 /* Headers */,
				9C953DEB21798F34008089A8 /* Sources */,
				9C953DEC21798F34008089A8 /* Frameworks */,
				9C953DED21798F34008089A8 /* Resources */,
			);
			buildRules = (
			);
			dependencies = (
			);
			name = "OrderedHashedCollection-watchOS";
			productName = "OrderedDictionary-watchOS";
			productReference = 9C953DEF21798F34008089A8 /* OrderedHashedCollection.framework */;
			productType = "com.apple.product-type.framework";
		};
		9C953DFB21798F3E008089A8 /* OrderedHashedCollection-tvOS */ = {
			isa = PBXNativeTarget;
			buildConfigurationList = 9C953E0D21798F3E008089A8 /* Build configuration list for PBXNativeTarget "OrderedHashedCollection-tvOS" */;
			buildPhases = (
				9C953DF721798F3E008089A8 /* Headers */,
				9C953DF821798F3E008089A8 /* Sources */,
				9C953DF921798F3E008089A8 /* Frameworks */,
				9C953DFA21798F3E008089A8 /* Resources */,
			);
			buildRules = (
			);
			dependencies = (
			);
			name = "OrderedHashedCollection-tvOS";
			productName = "OrderedDictionary-tvOS";
			productReference = 9C953DFC21798F3E008089A8 /* OrderedHashedCollection.framework */;
			productType = "com.apple.product-type.framework";
		};
		9C953E0321798F3E008089A8 /* OrderedHashedCollectionUnitTests-tvOS */ = {
			isa = PBXNativeTarget;
			buildConfigurationList = 9C953E1021798F3E008089A8 /* Build configuration list for PBXNativeTarget "OrderedHashedCollectionUnitTests-tvOS" */;
			buildPhases = (
				9C953E0021798F3E008089A8 /* Sources */,
				9C953E0121798F3E008089A8 /* Frameworks */,
				9C953E0221798F3E008089A8 /* Resources */,
			);
			buildRules = (
			);
			dependencies = (
				9C953E0721798F3E008089A8 /* PBXTargetDependency */,
			);
			name = "OrderedHashedCollectionUnitTests-tvOS";
			productName = "OrderedDictionary-tvOSTests";
			productReference = 9C953E0421798F3E008089A8 /* OrderedHashedCollectionUnitTests-tvOS.xctest */;
			productType = "com.apple.product-type.bundle.unit-test";
		};
/* End PBXNativeTarget section */

/* Begin PBXProject section */
		9C953CE021797EC0008089A8 /* Project object */ = {
			isa = PBXProject;
			attributes = {
				LastSwiftUpdateCheck = 1000;
				LastUpgradeCheck = 1000;
				TargetAttributes = {
					9C953DB521798F22008089A8 = {
						CreatedOnToolsVersion = 10.0;
						LastSwiftMigration = 1000;
					};
					9C953DBE21798F22008089A8 = {
						CreatedOnToolsVersion = 10.0;
					};
					9C953DD221798F2D008089A8 = {
						CreatedOnToolsVersion = 10.0;
						LastSwiftMigration = 1000;
					};
					9C953DDA21798F2D008089A8 = {
						CreatedOnToolsVersion = 10.0;
					};
					9C953DEE21798F34008089A8 = {
						CreatedOnToolsVersion = 10.0;
						LastSwiftMigration = 1000;
					};
					9C953DFB21798F3E008089A8 = {
						CreatedOnToolsVersion = 10.0;
						LastSwiftMigration = 1000;
					};
					9C953E0321798F3E008089A8 = {
						CreatedOnToolsVersion = 10.0;
					};
				};
			};
			buildConfigurationList = 9C953CE321797EC0008089A8 /* Build configuration list for PBXProject "OrderedHashedCollection" */;
			compatibilityVersion = "Xcode 9.3";
			developmentRegion = en;
			hasScannedForEncodings = 0;
			knownRegions = (
				en,
			);
			mainGroup = 9C953CDF21797EC0008089A8;
			productRefGroup = 9C953DB721798F22008089A8 /* Products */;
			projectDirPath = "";
			projectRoot = "";
			targets = (
				9C953DB521798F22008089A8 /* OrderedHashedCollection-macOS */,
				9C953DBE21798F22008089A8 /* OrderedHashedCollectionUnitTests-macOS */,
				9C953DD221798F2D008089A8 /* OrderedHashedCollection-iOS */,
				9C953DDA21798F2D008089A8 /* OrderedHashedCollectionUnitTests-iOS */,
				9C953DEE21798F34008089A8 /* OrderedHashedCollection-watchOS */,
				9C953DFB21798F3E008089A8 /* OrderedHashedCollection-tvOS */,
				9C953E0321798F3E008089A8 /* OrderedHashedCollectionUnitTests-tvOS */,
			);
		};
/* End PBXProject section */

/* Begin PBXResourcesBuildPhase section */
		9C953DB421798F22008089A8 /* Resources */ = {
			isa = PBXResourcesBuildPhase;
			buildActionMask = 2147483647;
			files = (
			);
			runOnlyForDeploymentPostprocessing = 0;
		};
		9C953DBD21798F22008089A8 /* Resources */ = {
			isa = PBXResourcesBuildPhase;
			buildActionMask = 2147483647;
			files = (
			);
			runOnlyForDeploymentPostprocessing = 0;
		};
		9C953DD121798F2D008089A8 /* Resources */ = {
			isa = PBXResourcesBuildPhase;
			buildActionMask = 2147483647;
			files = (
			);
			runOnlyForDeploymentPostprocessing = 0;
		};
		9C953DD921798F2D008089A8 /* Resources */ = {
			isa = PBXResourcesBuildPhase;
			buildActionMask = 2147483647;
			files = (
			);
			runOnlyForDeploymentPostprocessing = 0;
		};
		9C953DED21798F34008089A8 /* Resources */ = {
			isa = PBXResourcesBuildPhase;
			buildActionMask = 2147483647;
			files = (
			);
			runOnlyForDeploymentPostprocessing = 0;
		};
		9C953DFA21798F3E008089A8 /* Resources */ = {
			isa = PBXResourcesBuildPhase;
			buildActionMask = 2147483647;
			files = (
			);
			runOnlyForDeploymentPostprocessing = 0;
		};
		9C953E0221798F3E008089A8 /* Resources */ = {
			isa = PBXResourcesBuildPhase;
			buildActionMask = 2147483647;
			files = (
			);
			runOnlyForDeploymentPostprocessing = 0;
		};
/* End PBXResourcesBuildPhase section */

/* Begin PBXSourcesBuildPhase section */
		9C953DB221798F22008089A8 /* Sources */ = {
			isa = PBXSourcesBuildPhase;
			buildActionMask = 2147483647;
			files = (
				9C8621BC2195811A00D4202A /* OrderedSet+RangeReplaceableCollection.swift in Sources */,
				9C8621922194A0A900D4202A /* OrderedSet.swift in Sources */,
				9C8621B72195810A00D4202A /* OrderedSet+RandomAccessCollection.swift in Sources */,
				9C953E1F21798FBD008089A8 /* OrderedDictionarySlice.swift in Sources */,
				9C8621C12195812B00D4202A /* OrderedSet+SetAlgebra.swift in Sources */,
				9C953E1A21798FA5008089A8 /* OrderedDictionary.swift in Sources */,
			);
			runOnlyForDeploymentPostprocessing = 0;
		};
		9C953DBB21798F22008089A8 /* Sources */ = {
			isa = PBXSourcesBuildPhase;
			buildActionMask = 2147483647;
			files = (
				9C8621B121957E5800D4202A /* OrderedSet+SetAlgebraTests.swift in Sources */,
				9C86219B21951BD100D4202A /* OrderedSetTests.swift in Sources */,
				9C953E2A21799048008089A8 /* OrderedDictionaryTests.swift in Sources */,
				9C8621A521957E3B00D4202A /* OrderedSet+RandomAccessCollectionTests.swift in Sources */,
				9C8621B021957E5800D4202A /* OrderedSet+RangeReplaceableCollectionTests.swift in Sources */,
			);
			runOnlyForDeploymentPostprocessing = 0;
		};
		9C953DCF21798F2D008089A8 /* Sources */ = {
			isa = PBXSourcesBuildPhase;
			buildActionMask = 2147483647;
			files = (
				9C8621BD2195811A00D4202A /* OrderedSet+RangeReplaceableCollection.swift in Sources */,
				9C8621932194A0A900D4202A /* OrderedSet.swift in Sources */,
				9C8621B82195810A00D4202A /* OrderedSet+RandomAccessCollection.swift in Sources */,
				9C953E2021798FBD008089A8 /* OrderedDictionarySlice.swift in Sources */,
				9C8621C22195812B00D4202A /* OrderedSet+SetAlgebra.swift in Sources */,
				9C953E1B21798FA5008089A8 /* OrderedDictionary.swift in Sources */,
			);
			runOnlyForDeploymentPostprocessing = 0;
		};
		9C953DD721798F2D008089A8 /* Sources */ = {
			isa = PBXSourcesBuildPhase;
			buildActionMask = 2147483647;
			files = (
				9C8621B321957E5800D4202A /* OrderedSet+SetAlgebraTests.swift in Sources */,
				9C86219C21951BD200D4202A /* OrderedSetTests.swift in Sources */,
				9C953E2921799047008089A8 /* OrderedDictionaryTests.swift in Sources */,
				9C8621A421957E3B00D4202A /* OrderedSet+RandomAccessCollectionTests.swift in Sources */,
				9C8621B221957E5800D4202A /* OrderedSet+RangeReplaceableCollectionTests.swift in Sources */,
			);
			runOnlyForDeploymentPostprocessing = 0;
		};
		9C953DEB21798F34008089A8 /* Sources */ = {
			isa = PBXSourcesBuildPhase;
			buildActionMask = 2147483647;
			files = (
				9C8621BE2195811A00D4202A /* OrderedSet+RangeReplaceableCollection.swift in Sources */,
				9C8621942194A0A900D4202A /* OrderedSet.swift in Sources */,
				9C8621B92195810A00D4202A /* OrderedSet+RandomAccessCollection.swift in Sources */,
				9C953E2121798FBD008089A8 /* OrderedDictionarySlice.swift in Sources */,
				9C8621C32195812B00D4202A /* OrderedSet+SetAlgebra.swift in Sources */,
				9C953E1C21798FA5008089A8 /* OrderedDictionary.swift in Sources */,
			);
			runOnlyForDeploymentPostprocessing = 0;
		};
		9C953DF821798F3E008089A8 /* Sources */ = {
			isa = PBXSourcesBuildPhase;
			buildActionMask = 2147483647;
			files = (
				9C8621BF2195811A00D4202A /* OrderedSet+RangeReplaceableCollection.swift in Sources */,
				9C8621952194A0A900D4202A /* OrderedSet.swift in Sources */,
				9C8621BA2195810A00D4202A /* OrderedSet+RandomAccessCollection.swift in Sources */,
				9C953E2221798FBD008089A8 /* OrderedDictionarySlice.swift in Sources */,
				9C8621C42195812B00D4202A /* OrderedSet+SetAlgebra.swift in Sources */,
				9C953E1D21798FA5008089A8 /* OrderedDictionary.swift in Sources */,
			);
			runOnlyForDeploymentPostprocessing = 0;
		};
		9C953E0021798F3E008089A8 /* Sources */ = {
			isa = PBXSourcesBuildPhase;
			buildActionMask = 2147483647;
			files = (
				9C8621B521957E5900D4202A /* OrderedSet+SetAlgebraTests.swift in Sources */,
				9C86219D21951BD200D4202A /* OrderedSetTests.swift in Sources */,
				9C953E2821799047008089A8 /* OrderedDictionaryTests.swift in Sources */,
				9C8621A321957E3A00D4202A /* OrderedSet+RandomAccessCollectionTests.swift in Sources */,
				9C8621B421957E5900D4202A /* OrderedSet+RangeReplaceableCollectionTests.swift in Sources */,
			);
			runOnlyForDeploymentPostprocessing = 0;
		};
/* End PBXSourcesBuildPhase section */

/* Begin PBXTargetDependency section */
		9C953DC221798F22008089A8 /* PBXTargetDependency */ = {
			isa = PBXTargetDependency;
			target = 9C953DB521798F22008089A8 /* OrderedHashedCollection-macOS */;
			targetProxy = 9C953DC121798F22008089A8 /* PBXContainerItemProxy */;
		};
		9C953DDE21798F2D008089A8 /* PBXTargetDependency */ = {
			isa = PBXTargetDependency;
			target = 9C953DD221798F2D008089A8 /* OrderedHashedCollection-iOS */;
			targetProxy = 9C953DDD21798F2D008089A8 /* PBXContainerItemProxy */;
		};
		9C953E0721798F3E008089A8 /* PBXTargetDependency */ = {
			isa = PBXTargetDependency;
			target = 9C953DFB21798F3E008089A8 /* OrderedHashedCollection-tvOS */;
			targetProxy = 9C953E0621798F3E008089A8 /* PBXContainerItemProxy */;
		};
/* End PBXTargetDependency section */

/* Begin XCBuildConfiguration section */
		9C953CE421797EC0008089A8 /* Debug */ = {
			isa = XCBuildConfiguration;
			buildSettings = {
			};
			name = Debug;
		};
		9C953CE521797EC0008089A8 /* Release */ = {
			isa = XCBuildConfiguration;
			buildSettings = {
			};
			name = Release;
		};
		9C953DC921798F22008089A8 /* Debug */ = {
			isa = XCBuildConfiguration;
			buildSettings = {
				ALWAYS_SEARCH_USER_PATHS = NO;
				CLANG_ANALYZER_NONNULL = YES;
				CLANG_ANALYZER_NUMBER_OBJECT_CONVERSION = YES_AGGRESSIVE;
				CLANG_CXX_LANGUAGE_STANDARD = "gnu++14";
				CLANG_CXX_LIBRARY = "libc++";
				CLANG_ENABLE_MODULES = YES;
				CLANG_ENABLE_OBJC_ARC = YES;
				CLANG_ENABLE_OBJC_WEAK = YES;
				CLANG_WARN_BLOCK_CAPTURE_AUTORELEASING = YES;
				CLANG_WARN_BOOL_CONVERSION = YES;
				CLANG_WARN_COMMA = YES;
				CLANG_WARN_CONSTANT_CONVERSION = YES;
				CLANG_WARN_DEPRECATED_OBJC_IMPLEMENTATIONS = YES;
				CLANG_WARN_DIRECT_OBJC_ISA_USAGE = YES_ERROR;
				CLANG_WARN_DOCUMENTATION_COMMENTS = YES;
				CLANG_WARN_EMPTY_BODY = YES;
				CLANG_WARN_ENUM_CONVERSION = YES;
				CLANG_WARN_INFINITE_RECURSION = YES;
				CLANG_WARN_INT_CONVERSION = YES;
				CLANG_WARN_NON_LITERAL_NULL_CONVERSION = YES;
				CLANG_WARN_OBJC_IMPLICIT_RETAIN_SELF = YES;
				CLANG_WARN_OBJC_LITERAL_CONVERSION = YES;
				CLANG_WARN_OBJC_ROOT_CLASS = YES_ERROR;
				CLANG_WARN_RANGE_LOOP_ANALYSIS = YES;
				CLANG_WARN_STRICT_PROTOTYPES = YES;
				CLANG_WARN_SUSPICIOUS_MOVE = YES;
				CLANG_WARN_UNGUARDED_AVAILABILITY = YES_AGGRESSIVE;
				CLANG_WARN_UNREACHABLE_CODE = YES;
				CLANG_WARN__DUPLICATE_METHOD_MATCH = YES;
				CODE_SIGN_IDENTITY = "-";
				CODE_SIGN_STYLE = Automatic;
				COMBINE_HIDPI_IMAGES = YES;
				COPY_PHASE_STRIP = NO;
				CURRENT_PROJECT_VERSION = 1;
				DEBUG_INFORMATION_FORMAT = dwarf;
				DEFINES_MODULE = YES;
				DYLIB_COMPATIBILITY_VERSION = 1;
				DYLIB_CURRENT_VERSION = 1;
				DYLIB_INSTALL_NAME_BASE = "@rpath";
				ENABLE_STRICT_OBJC_MSGSEND = YES;
				ENABLE_TESTABILITY = YES;
				FRAMEWORK_VERSION = A;
				GCC_C_LANGUAGE_STANDARD = gnu11;
				GCC_DYNAMIC_NO_PIC = NO;
				GCC_NO_COMMON_BLOCKS = YES;
				GCC_OPTIMIZATION_LEVEL = 0;
				GCC_PREPROCESSOR_DEFINITIONS = (
					"DEBUG=1",
					"$(inherited)",
				);
				GCC_WARN_64_TO_32_BIT_CONVERSION = YES;
				GCC_WARN_ABOUT_RETURN_TYPE = YES_ERROR;
				GCC_WARN_UNDECLARED_SELECTOR = YES;
				GCC_WARN_UNINITIALIZED_AUTOS = YES_AGGRESSIVE;
				GCC_WARN_UNUSED_FUNCTION = YES;
				GCC_WARN_UNUSED_VARIABLE = YES;
				INFOPLIST_FILE = "OrderedHashedCollection/Supporting Files/Info.plist";
				INSTALL_PATH = "$(LOCAL_LIBRARY_DIR)/Frameworks";
				LD_RUNPATH_SEARCH_PATHS = (
					"$(inherited)",
					"@executable_path/../Frameworks",
					"@loader_path/Frameworks",
				);
				MACOSX_DEPLOYMENT_TARGET = 10.14;
				MTL_ENABLE_DEBUG_INFO = INCLUDE_SOURCE;
				MTL_FAST_MATH = YES;
				ONLY_ACTIVE_ARCH = YES;
				PRODUCT_BUNDLE_IDENTIFIER = "com.WeZZard.OrderedDictionary-macOS";
				PRODUCT_NAME = OrderedHashedCollection;
				SDKROOT = macosx;
				SKIP_INSTALL = YES;
				SWIFT_ACTIVE_COMPILATION_CONDITIONS = DEBUG;
				SWIFT_OPTIMIZATION_LEVEL = "-Onone";
				SWIFT_VERSION = 4.2;
				VERSIONING_SYSTEM = "apple-generic";
				VERSION_INFO_PREFIX = "";
			};
			name = Debug;
		};
		9C953DCA21798F22008089A8 /* Release */ = {
			isa = XCBuildConfiguration;
			buildSettings = {
				ALWAYS_SEARCH_USER_PATHS = NO;
				CLANG_ANALYZER_NONNULL = YES;
				CLANG_ANALYZER_NUMBER_OBJECT_CONVERSION = YES_AGGRESSIVE;
				CLANG_CXX_LANGUAGE_STANDARD = "gnu++14";
				CLANG_CXX_LIBRARY = "libc++";
				CLANG_ENABLE_MODULES = YES;
				CLANG_ENABLE_OBJC_ARC = YES;
				CLANG_ENABLE_OBJC_WEAK = YES;
				CLANG_WARN_BLOCK_CAPTURE_AUTORELEASING = YES;
				CLANG_WARN_BOOL_CONVERSION = YES;
				CLANG_WARN_COMMA = YES;
				CLANG_WARN_CONSTANT_CONVERSION = YES;
				CLANG_WARN_DEPRECATED_OBJC_IMPLEMENTATIONS = YES;
				CLANG_WARN_DIRECT_OBJC_ISA_USAGE = YES_ERROR;
				CLANG_WARN_DOCUMENTATION_COMMENTS = YES;
				CLANG_WARN_EMPTY_BODY = YES;
				CLANG_WARN_ENUM_CONVERSION = YES;
				CLANG_WARN_INFINITE_RECURSION = YES;
				CLANG_WARN_INT_CONVERSION = YES;
				CLANG_WARN_NON_LITERAL_NULL_CONVERSION = YES;
				CLANG_WARN_OBJC_IMPLICIT_RETAIN_SELF = YES;
				CLANG_WARN_OBJC_LITERAL_CONVERSION = YES;
				CLANG_WARN_OBJC_ROOT_CLASS = YES_ERROR;
				CLANG_WARN_RANGE_LOOP_ANALYSIS = YES;
				CLANG_WARN_STRICT_PROTOTYPES = YES;
				CLANG_WARN_SUSPICIOUS_MOVE = YES;
				CLANG_WARN_UNGUARDED_AVAILABILITY = YES_AGGRESSIVE;
				CLANG_WARN_UNREACHABLE_CODE = YES;
				CLANG_WARN__DUPLICATE_METHOD_MATCH = YES;
				CODE_SIGN_IDENTITY = "-";
				CODE_SIGN_STYLE = Automatic;
				COMBINE_HIDPI_IMAGES = YES;
				COPY_PHASE_STRIP = NO;
				CURRENT_PROJECT_VERSION = 1;
				DEBUG_INFORMATION_FORMAT = "dwarf-with-dsym";
				DEFINES_MODULE = YES;
				DYLIB_COMPATIBILITY_VERSION = 1;
				DYLIB_CURRENT_VERSION = 1;
				DYLIB_INSTALL_NAME_BASE = "@rpath";
				ENABLE_NS_ASSERTIONS = NO;
				ENABLE_STRICT_OBJC_MSGSEND = YES;
				FRAMEWORK_VERSION = A;
				GCC_C_LANGUAGE_STANDARD = gnu11;
				GCC_NO_COMMON_BLOCKS = YES;
				GCC_WARN_64_TO_32_BIT_CONVERSION = YES;
				GCC_WARN_ABOUT_RETURN_TYPE = YES_ERROR;
				GCC_WARN_UNDECLARED_SELECTOR = YES;
				GCC_WARN_UNINITIALIZED_AUTOS = YES_AGGRESSIVE;
				GCC_WARN_UNUSED_FUNCTION = YES;
				GCC_WARN_UNUSED_VARIABLE = YES;
				INFOPLIST_FILE = "OrderedHashedCollection/Supporting Files/Info.plist";
				INSTALL_PATH = "$(LOCAL_LIBRARY_DIR)/Frameworks";
				LD_RUNPATH_SEARCH_PATHS = (
					"$(inherited)",
					"@executable_path/../Frameworks",
					"@loader_path/Frameworks",
				);
				MACOSX_DEPLOYMENT_TARGET = 10.14;
				MTL_ENABLE_DEBUG_INFO = NO;
				MTL_FAST_MATH = YES;
				PRODUCT_BUNDLE_IDENTIFIER = "com.WeZZard.OrderedDictionary-macOS";
				PRODUCT_NAME = OrderedHashedCollection;
				SDKROOT = macosx;
				SKIP_INSTALL = YES;
				SWIFT_COMPILATION_MODE = wholemodule;
				SWIFT_OPTIMIZATION_LEVEL = "-O";
				SWIFT_VERSION = 4.2;
				VERSIONING_SYSTEM = "apple-generic";
				VERSION_INFO_PREFIX = "";
			};
			name = Release;
		};
		9C953DCC21798F22008089A8 /* Debug */ = {
			isa = XCBuildConfiguration;
			buildSettings = {
				ALWAYS_EMBED_SWIFT_STANDARD_LIBRARIES = YES;
				ALWAYS_SEARCH_USER_PATHS = NO;
				CLANG_ANALYZER_NONNULL = YES;
				CLANG_ANALYZER_NUMBER_OBJECT_CONVERSION = YES_AGGRESSIVE;
				CLANG_CXX_LANGUAGE_STANDARD = "gnu++14";
				CLANG_CXX_LIBRARY = "libc++";
				CLANG_ENABLE_MODULES = YES;
				CLANG_ENABLE_OBJC_ARC = YES;
				CLANG_ENABLE_OBJC_WEAK = YES;
				CLANG_WARN_BLOCK_CAPTURE_AUTORELEASING = YES;
				CLANG_WARN_BOOL_CONVERSION = YES;
				CLANG_WARN_COMMA = YES;
				CLANG_WARN_CONSTANT_CONVERSION = YES;
				CLANG_WARN_DEPRECATED_OBJC_IMPLEMENTATIONS = YES;
				CLANG_WARN_DIRECT_OBJC_ISA_USAGE = YES_ERROR;
				CLANG_WARN_DOCUMENTATION_COMMENTS = YES;
				CLANG_WARN_EMPTY_BODY = YES;
				CLANG_WARN_ENUM_CONVERSION = YES;
				CLANG_WARN_INFINITE_RECURSION = YES;
				CLANG_WARN_INT_CONVERSION = YES;
				CLANG_WARN_NON_LITERAL_NULL_CONVERSION = YES;
				CLANG_WARN_OBJC_IMPLICIT_RETAIN_SELF = YES;
				CLANG_WARN_OBJC_LITERAL_CONVERSION = YES;
				CLANG_WARN_OBJC_ROOT_CLASS = YES_ERROR;
				CLANG_WARN_RANGE_LOOP_ANALYSIS = YES;
				CLANG_WARN_STRICT_PROTOTYPES = YES;
				CLANG_WARN_SUSPICIOUS_MOVE = YES;
				CLANG_WARN_UNGUARDED_AVAILABILITY = YES_AGGRESSIVE;
				CLANG_WARN_UNREACHABLE_CODE = YES;
				CLANG_WARN__DUPLICATE_METHOD_MATCH = YES;
				CODE_SIGN_IDENTITY = "-";
				CODE_SIGN_STYLE = Automatic;
				COMBINE_HIDPI_IMAGES = YES;
				COPY_PHASE_STRIP = NO;
				DEBUG_INFORMATION_FORMAT = dwarf;
				ENABLE_STRICT_OBJC_MSGSEND = YES;
				ENABLE_TESTABILITY = YES;
				GCC_C_LANGUAGE_STANDARD = gnu11;
				GCC_DYNAMIC_NO_PIC = NO;
				GCC_NO_COMMON_BLOCKS = YES;
				GCC_OPTIMIZATION_LEVEL = 0;
				GCC_PREPROCESSOR_DEFINITIONS = (
					"DEBUG=1",
					"$(inherited)",
				);
				GCC_WARN_64_TO_32_BIT_CONVERSION = YES;
				GCC_WARN_ABOUT_RETURN_TYPE = YES_ERROR;
				GCC_WARN_UNDECLARED_SELECTOR = YES;
				GCC_WARN_UNINITIALIZED_AUTOS = YES_AGGRESSIVE;
				GCC_WARN_UNUSED_FUNCTION = YES;
				GCC_WARN_UNUSED_VARIABLE = YES;
				INFOPLIST_FILE = "OrderedHashedCollectionUnitTests/Supporting Files/Info.plist";
				LD_RUNPATH_SEARCH_PATHS = (
					"$(inherited)",
					"@executable_path/../Frameworks",
					"@loader_path/../Frameworks",
				);
				MACOSX_DEPLOYMENT_TARGET = 10.14;
				MTL_ENABLE_DEBUG_INFO = INCLUDE_SOURCE;
				MTL_FAST_MATH = YES;
				ONLY_ACTIVE_ARCH = YES;
				PRODUCT_BUNDLE_IDENTIFIER = "com.WeZZard.OrderedDictionary-macOSTests";
				PRODUCT_NAME = "$(TARGET_NAME)";
				SDKROOT = macosx;
				SWIFT_ACTIVE_COMPILATION_CONDITIONS = DEBUG;
				SWIFT_OPTIMIZATION_LEVEL = "-Onone";
				SWIFT_VERSION = 4.2;
			};
			name = Debug;
		};
		9C953DCD21798F22008089A8 /* Release */ = {
			isa = XCBuildConfiguration;
			buildSettings = {
				ALWAYS_EMBED_SWIFT_STANDARD_LIBRARIES = YES;
				ALWAYS_SEARCH_USER_PATHS = NO;
				CLANG_ANALYZER_NONNULL = YES;
				CLANG_ANALYZER_NUMBER_OBJECT_CONVERSION = YES_AGGRESSIVE;
				CLANG_CXX_LANGUAGE_STANDARD = "gnu++14";
				CLANG_CXX_LIBRARY = "libc++";
				CLANG_ENABLE_MODULES = YES;
				CLANG_ENABLE_OBJC_ARC = YES;
				CLANG_ENABLE_OBJC_WEAK = YES;
				CLANG_WARN_BLOCK_CAPTURE_AUTORELEASING = YES;
				CLANG_WARN_BOOL_CONVERSION = YES;
				CLANG_WARN_COMMA = YES;
				CLANG_WARN_CONSTANT_CONVERSION = YES;
				CLANG_WARN_DEPRECATED_OBJC_IMPLEMENTATIONS = YES;
				CLANG_WARN_DIRECT_OBJC_ISA_USAGE = YES_ERROR;
				CLANG_WARN_DOCUMENTATION_COMMENTS = YES;
				CLANG_WARN_EMPTY_BODY = YES;
				CLANG_WARN_ENUM_CONVERSION = YES;
				CLANG_WARN_INFINITE_RECURSION = YES;
				CLANG_WARN_INT_CONVERSION = YES;
				CLANG_WARN_NON_LITERAL_NULL_CONVERSION = YES;
				CLANG_WARN_OBJC_IMPLICIT_RETAIN_SELF = YES;
				CLANG_WARN_OBJC_LITERAL_CONVERSION = YES;
				CLANG_WARN_OBJC_ROOT_CLASS = YES_ERROR;
				CLANG_WARN_RANGE_LOOP_ANALYSIS = YES;
				CLANG_WARN_STRICT_PROTOTYPES = YES;
				CLANG_WARN_SUSPICIOUS_MOVE = YES;
				CLANG_WARN_UNGUARDED_AVAILABILITY = YES_AGGRESSIVE;
				CLANG_WARN_UNREACHABLE_CODE = YES;
				CLANG_WARN__DUPLICATE_METHOD_MATCH = YES;
				CODE_SIGN_IDENTITY = "-";
				CODE_SIGN_STYLE = Automatic;
				COMBINE_HIDPI_IMAGES = YES;
				COPY_PHASE_STRIP = NO;
				DEBUG_INFORMATION_FORMAT = "dwarf-with-dsym";
				ENABLE_NS_ASSERTIONS = NO;
				ENABLE_STRICT_OBJC_MSGSEND = YES;
				GCC_C_LANGUAGE_STANDARD = gnu11;
				GCC_NO_COMMON_BLOCKS = YES;
				GCC_WARN_64_TO_32_BIT_CONVERSION = YES;
				GCC_WARN_ABOUT_RETURN_TYPE = YES_ERROR;
				GCC_WARN_UNDECLARED_SELECTOR = YES;
				GCC_WARN_UNINITIALIZED_AUTOS = YES_AGGRESSIVE;
				GCC_WARN_UNUSED_FUNCTION = YES;
				GCC_WARN_UNUSED_VARIABLE = YES;
				INFOPLIST_FILE = "OrderedHashedCollectionUnitTests/Supporting Files/Info.plist";
				LD_RUNPATH_SEARCH_PATHS = (
					"$(inherited)",
					"@executable_path/../Frameworks",
					"@loader_path/../Frameworks",
				);
				MACOSX_DEPLOYMENT_TARGET = 10.14;
				MTL_ENABLE_DEBUG_INFO = NO;
				MTL_FAST_MATH = YES;
				PRODUCT_BUNDLE_IDENTIFIER = "com.WeZZard.OrderedDictionary-macOSTests";
				PRODUCT_NAME = "$(TARGET_NAME)";
				SDKROOT = macosx;
				SWIFT_COMPILATION_MODE = wholemodule;
				SWIFT_OPTIMIZATION_LEVEL = "-O";
				SWIFT_VERSION = 4.2;
			};
			name = Release;
		};
		9C953DE521798F2D008089A8 /* Debug */ = {
			isa = XCBuildConfiguration;
			buildSettings = {
				ALWAYS_SEARCH_USER_PATHS = NO;
				CLANG_ANALYZER_NONNULL = YES;
				CLANG_ANALYZER_NUMBER_OBJECT_CONVERSION = YES_AGGRESSIVE;
				CLANG_CXX_LANGUAGE_STANDARD = "gnu++14";
				CLANG_CXX_LIBRARY = "libc++";
				CLANG_ENABLE_MODULES = YES;
				CLANG_ENABLE_OBJC_ARC = YES;
				CLANG_ENABLE_OBJC_WEAK = YES;
				CLANG_WARN_BLOCK_CAPTURE_AUTORELEASING = YES;
				CLANG_WARN_BOOL_CONVERSION = YES;
				CLANG_WARN_COMMA = YES;
				CLANG_WARN_CONSTANT_CONVERSION = YES;
				CLANG_WARN_DEPRECATED_OBJC_IMPLEMENTATIONS = YES;
				CLANG_WARN_DIRECT_OBJC_ISA_USAGE = YES_ERROR;
				CLANG_WARN_DOCUMENTATION_COMMENTS = YES;
				CLANG_WARN_EMPTY_BODY = YES;
				CLANG_WARN_ENUM_CONVERSION = YES;
				CLANG_WARN_INFINITE_RECURSION = YES;
				CLANG_WARN_INT_CONVERSION = YES;
				CLANG_WARN_NON_LITERAL_NULL_CONVERSION = YES;
				CLANG_WARN_OBJC_IMPLICIT_RETAIN_SELF = YES;
				CLANG_WARN_OBJC_LITERAL_CONVERSION = YES;
				CLANG_WARN_OBJC_ROOT_CLASS = YES_ERROR;
				CLANG_WARN_RANGE_LOOP_ANALYSIS = YES;
				CLANG_WARN_STRICT_PROTOTYPES = YES;
				CLANG_WARN_SUSPICIOUS_MOVE = YES;
				CLANG_WARN_UNGUARDED_AVAILABILITY = YES_AGGRESSIVE;
				CLANG_WARN_UNREACHABLE_CODE = YES;
				CLANG_WARN__DUPLICATE_METHOD_MATCH = YES;
				CODE_SIGN_IDENTITY = "iPhone Developer";
				CODE_SIGN_STYLE = Automatic;
				COPY_PHASE_STRIP = NO;
				CURRENT_PROJECT_VERSION = 1;
				DEBUG_INFORMATION_FORMAT = dwarf;
				DEFINES_MODULE = YES;
				DYLIB_COMPATIBILITY_VERSION = 1;
				DYLIB_CURRENT_VERSION = 1;
				DYLIB_INSTALL_NAME_BASE = "@rpath";
				ENABLE_STRICT_OBJC_MSGSEND = YES;
				ENABLE_TESTABILITY = YES;
				GCC_C_LANGUAGE_STANDARD = gnu11;
				GCC_DYNAMIC_NO_PIC = NO;
				GCC_NO_COMMON_BLOCKS = YES;
				GCC_OPTIMIZATION_LEVEL = 0;
				GCC_PREPROCESSOR_DEFINITIONS = (
					"DEBUG=1",
					"$(inherited)",
				);
				GCC_WARN_64_TO_32_BIT_CONVERSION = YES;
				GCC_WARN_ABOUT_RETURN_TYPE = YES_ERROR;
				GCC_WARN_UNDECLARED_SELECTOR = YES;
				GCC_WARN_UNINITIALIZED_AUTOS = YES_AGGRESSIVE;
				GCC_WARN_UNUSED_FUNCTION = YES;
				GCC_WARN_UNUSED_VARIABLE = YES;
				INFOPLIST_FILE = "OrderedHashedCollection/Supporting Files/Info.plist";
				INSTALL_PATH = "$(LOCAL_LIBRARY_DIR)/Frameworks";
				IPHONEOS_DEPLOYMENT_TARGET = 12.0;
				LD_RUNPATH_SEARCH_PATHS = (
					"$(inherited)",
					"@executable_path/Frameworks",
					"@loader_path/Frameworks",
				);
				MTL_ENABLE_DEBUG_INFO = INCLUDE_SOURCE;
				MTL_FAST_MATH = YES;
				ONLY_ACTIVE_ARCH = YES;
				PRODUCT_BUNDLE_IDENTIFIER = "com.WeZZard.OrderedDictionary-iOS";
				PRODUCT_NAME = OrderedHashedCollection;
				SDKROOT = iphoneos;
				SKIP_INSTALL = YES;
				SWIFT_ACTIVE_COMPILATION_CONDITIONS = DEBUG;
				SWIFT_OPTIMIZATION_LEVEL = "-Onone";
				SWIFT_VERSION = 4.2;
				TARGETED_DEVICE_FAMILY = "1,2";
				VERSIONING_SYSTEM = "apple-generic";
				VERSION_INFO_PREFIX = "";
			};
			name = Debug;
		};
		9C953DE621798F2D008089A8 /* Release */ = {
			isa = XCBuildConfiguration;
			buildSettings = {
				ALWAYS_SEARCH_USER_PATHS = NO;
				CLANG_ANALYZER_NONNULL = YES;
				CLANG_ANALYZER_NUMBER_OBJECT_CONVERSION = YES_AGGRESSIVE;
				CLANG_CXX_LANGUAGE_STANDARD = "gnu++14";
				CLANG_CXX_LIBRARY = "libc++";
				CLANG_ENABLE_MODULES = YES;
				CLANG_ENABLE_OBJC_ARC = YES;
				CLANG_ENABLE_OBJC_WEAK = YES;
				CLANG_WARN_BLOCK_CAPTURE_AUTORELEASING = YES;
				CLANG_WARN_BOOL_CONVERSION = YES;
				CLANG_WARN_COMMA = YES;
				CLANG_WARN_CONSTANT_CONVERSION = YES;
				CLANG_WARN_DEPRECATED_OBJC_IMPLEMENTATIONS = YES;
				CLANG_WARN_DIRECT_OBJC_ISA_USAGE = YES_ERROR;
				CLANG_WARN_DOCUMENTATION_COMMENTS = YES;
				CLANG_WARN_EMPTY_BODY = YES;
				CLANG_WARN_ENUM_CONVERSION = YES;
				CLANG_WARN_INFINITE_RECURSION = YES;
				CLANG_WARN_INT_CONVERSION = YES;
				CLANG_WARN_NON_LITERAL_NULL_CONVERSION = YES;
				CLANG_WARN_OBJC_IMPLICIT_RETAIN_SELF = YES;
				CLANG_WARN_OBJC_LITERAL_CONVERSION = YES;
				CLANG_WARN_OBJC_ROOT_CLASS = YES_ERROR;
				CLANG_WARN_RANGE_LOOP_ANALYSIS = YES;
				CLANG_WARN_STRICT_PROTOTYPES = YES;
				CLANG_WARN_SUSPICIOUS_MOVE = YES;
				CLANG_WARN_UNGUARDED_AVAILABILITY = YES_AGGRESSIVE;
				CLANG_WARN_UNREACHABLE_CODE = YES;
				CLANG_WARN__DUPLICATE_METHOD_MATCH = YES;
				CODE_SIGN_IDENTITY = "iPhone Developer";
				CODE_SIGN_STYLE = Automatic;
				COPY_PHASE_STRIP = NO;
				CURRENT_PROJECT_VERSION = 1;
				DEBUG_INFORMATION_FORMAT = "dwarf-with-dsym";
				DEFINES_MODULE = YES;
				DYLIB_COMPATIBILITY_VERSION = 1;
				DYLIB_CURRENT_VERSION = 1;
				DYLIB_INSTALL_NAME_BASE = "@rpath";
				ENABLE_NS_ASSERTIONS = NO;
				ENABLE_STRICT_OBJC_MSGSEND = YES;
				GCC_C_LANGUAGE_STANDARD = gnu11;
				GCC_NO_COMMON_BLOCKS = YES;
				GCC_WARN_64_TO_32_BIT_CONVERSION = YES;
				GCC_WARN_ABOUT_RETURN_TYPE = YES_ERROR;
				GCC_WARN_UNDECLARED_SELECTOR = YES;
				GCC_WARN_UNINITIALIZED_AUTOS = YES_AGGRESSIVE;
				GCC_WARN_UNUSED_FUNCTION = YES;
				GCC_WARN_UNUSED_VARIABLE = YES;
				INFOPLIST_FILE = "OrderedHashedCollection/Supporting Files/Info.plist";
				INSTALL_PATH = "$(LOCAL_LIBRARY_DIR)/Frameworks";
				IPHONEOS_DEPLOYMENT_TARGET = 12.0;
				LD_RUNPATH_SEARCH_PATHS = (
					"$(inherited)",
					"@executable_path/Frameworks",
					"@loader_path/Frameworks",
				);
				MTL_ENABLE_DEBUG_INFO = NO;
				MTL_FAST_MATH = YES;
				PRODUCT_BUNDLE_IDENTIFIER = "com.WeZZard.OrderedDictionary-iOS";
				PRODUCT_NAME = OrderedHashedCollection;
				SDKROOT = iphoneos;
				SKIP_INSTALL = YES;
				SWIFT_COMPILATION_MODE = wholemodule;
				SWIFT_OPTIMIZATION_LEVEL = "-O";
				SWIFT_VERSION = 4.2;
				TARGETED_DEVICE_FAMILY = "1,2";
				VALIDATE_PRODUCT = YES;
				VERSIONING_SYSTEM = "apple-generic";
				VERSION_INFO_PREFIX = "";
			};
			name = Release;
		};
		9C953DE821798F2D008089A8 /* Debug */ = {
			isa = XCBuildConfiguration;
			buildSettings = {
				ALWAYS_EMBED_SWIFT_STANDARD_LIBRARIES = YES;
				ALWAYS_SEARCH_USER_PATHS = NO;
				CLANG_ANALYZER_NONNULL = YES;
				CLANG_ANALYZER_NUMBER_OBJECT_CONVERSION = YES_AGGRESSIVE;
				CLANG_CXX_LANGUAGE_STANDARD = "gnu++14";
				CLANG_CXX_LIBRARY = "libc++";
				CLANG_ENABLE_MODULES = YES;
				CLANG_ENABLE_OBJC_ARC = YES;
				CLANG_ENABLE_OBJC_WEAK = YES;
				CLANG_WARN_BLOCK_CAPTURE_AUTORELEASING = YES;
				CLANG_WARN_BOOL_CONVERSION = YES;
				CLANG_WARN_COMMA = YES;
				CLANG_WARN_CONSTANT_CONVERSION = YES;
				CLANG_WARN_DEPRECATED_OBJC_IMPLEMENTATIONS = YES;
				CLANG_WARN_DIRECT_OBJC_ISA_USAGE = YES_ERROR;
				CLANG_WARN_DOCUMENTATION_COMMENTS = YES;
				CLANG_WARN_EMPTY_BODY = YES;
				CLANG_WARN_ENUM_CONVERSION = YES;
				CLANG_WARN_INFINITE_RECURSION = YES;
				CLANG_WARN_INT_CONVERSION = YES;
				CLANG_WARN_NON_LITERAL_NULL_CONVERSION = YES;
				CLANG_WARN_OBJC_IMPLICIT_RETAIN_SELF = YES;
				CLANG_WARN_OBJC_LITERAL_CONVERSION = YES;
				CLANG_WARN_OBJC_ROOT_CLASS = YES_ERROR;
				CLANG_WARN_RANGE_LOOP_ANALYSIS = YES;
				CLANG_WARN_STRICT_PROTOTYPES = YES;
				CLANG_WARN_SUSPICIOUS_MOVE = YES;
				CLANG_WARN_UNGUARDED_AVAILABILITY = YES_AGGRESSIVE;
				CLANG_WARN_UNREACHABLE_CODE = YES;
				CLANG_WARN__DUPLICATE_METHOD_MATCH = YES;
				CODE_SIGN_IDENTITY = "iPhone Developer";
				CODE_SIGN_STYLE = Automatic;
				COPY_PHASE_STRIP = NO;
				DEBUG_INFORMATION_FORMAT = dwarf;
				ENABLE_STRICT_OBJC_MSGSEND = YES;
				ENABLE_TESTABILITY = YES;
				GCC_C_LANGUAGE_STANDARD = gnu11;
				GCC_DYNAMIC_NO_PIC = NO;
				GCC_NO_COMMON_BLOCKS = YES;
				GCC_OPTIMIZATION_LEVEL = 0;
				GCC_PREPROCESSOR_DEFINITIONS = (
					"DEBUG=1",
					"$(inherited)",
				);
				GCC_WARN_64_TO_32_BIT_CONVERSION = YES;
				GCC_WARN_ABOUT_RETURN_TYPE = YES_ERROR;
				GCC_WARN_UNDECLARED_SELECTOR = YES;
				GCC_WARN_UNINITIALIZED_AUTOS = YES_AGGRESSIVE;
				GCC_WARN_UNUSED_FUNCTION = YES;
				GCC_WARN_UNUSED_VARIABLE = YES;
				INFOPLIST_FILE = "OrderedHashedCollectionUnitTests/Supporting Files/Info.plist";
				IPHONEOS_DEPLOYMENT_TARGET = 12.0;
				LD_RUNPATH_SEARCH_PATHS = (
					"$(inherited)",
					"@executable_path/Frameworks",
					"@loader_path/Frameworks",
				);
				MTL_ENABLE_DEBUG_INFO = INCLUDE_SOURCE;
				MTL_FAST_MATH = YES;
				ONLY_ACTIVE_ARCH = YES;
				PRODUCT_BUNDLE_IDENTIFIER = "com.WeZZard.OrderedDictionary-iOSTests";
				PRODUCT_NAME = "$(TARGET_NAME)";
				SDKROOT = iphoneos;
				SWIFT_ACTIVE_COMPILATION_CONDITIONS = DEBUG;
				SWIFT_OPTIMIZATION_LEVEL = "-Onone";
				SWIFT_VERSION = 4.2;
				TARGETED_DEVICE_FAMILY = "1,2";
			};
			name = Debug;
		};
		9C953DE921798F2D008089A8 /* Release */ = {
			isa = XCBuildConfiguration;
			buildSettings = {
				ALWAYS_EMBED_SWIFT_STANDARD_LIBRARIES = YES;
				ALWAYS_SEARCH_USER_PATHS = NO;
				CLANG_ANALYZER_NONNULL = YES;
				CLANG_ANALYZER_NUMBER_OBJECT_CONVERSION = YES_AGGRESSIVE;
				CLANG_CXX_LANGUAGE_STANDARD = "gnu++14";
				CLANG_CXX_LIBRARY = "libc++";
				CLANG_ENABLE_MODULES = YES;
				CLANG_ENABLE_OBJC_ARC = YES;
				CLANG_ENABLE_OBJC_WEAK = YES;
				CLANG_WARN_BLOCK_CAPTURE_AUTORELEASING = YES;
				CLANG_WARN_BOOL_CONVERSION = YES;
				CLANG_WARN_COMMA = YES;
				CLANG_WARN_CONSTANT_CONVERSION = YES;
				CLANG_WARN_DEPRECATED_OBJC_IMPLEMENTATIONS = YES;
				CLANG_WARN_DIRECT_OBJC_ISA_USAGE = YES_ERROR;
				CLANG_WARN_DOCUMENTATION_COMMENTS = YES;
				CLANG_WARN_EMPTY_BODY = YES;
				CLANG_WARN_ENUM_CONVERSION = YES;
				CLANG_WARN_INFINITE_RECURSION = YES;
				CLANG_WARN_INT_CONVERSION = YES;
				CLANG_WARN_NON_LITERAL_NULL_CONVERSION = YES;
				CLANG_WARN_OBJC_IMPLICIT_RETAIN_SELF = YES;
				CLANG_WARN_OBJC_LITERAL_CONVERSION = YES;
				CLANG_WARN_OBJC_ROOT_CLASS = YES_ERROR;
				CLANG_WARN_RANGE_LOOP_ANALYSIS = YES;
				CLANG_WARN_STRICT_PROTOTYPES = YES;
				CLANG_WARN_SUSPICIOUS_MOVE = YES;
				CLANG_WARN_UNGUARDED_AVAILABILITY = YES_AGGRESSIVE;
				CLANG_WARN_UNREACHABLE_CODE = YES;
				CLANG_WARN__DUPLICATE_METHOD_MATCH = YES;
				CODE_SIGN_IDENTITY = "iPhone Developer";
				CODE_SIGN_STYLE = Automatic;
				COPY_PHASE_STRIP = NO;
				DEBUG_INFORMATION_FORMAT = "dwarf-with-dsym";
				ENABLE_NS_ASSERTIONS = NO;
				ENABLE_STRICT_OBJC_MSGSEND = YES;
				GCC_C_LANGUAGE_STANDARD = gnu11;
				GCC_NO_COMMON_BLOCKS = YES;
				GCC_WARN_64_TO_32_BIT_CONVERSION = YES;
				GCC_WARN_ABOUT_RETURN_TYPE = YES_ERROR;
				GCC_WARN_UNDECLARED_SELECTOR = YES;
				GCC_WARN_UNINITIALIZED_AUTOS = YES_AGGRESSIVE;
				GCC_WARN_UNUSED_FUNCTION = YES;
				GCC_WARN_UNUSED_VARIABLE = YES;
				INFOPLIST_FILE = "OrderedHashedCollectionUnitTests/Supporting Files/Info.plist";
				IPHONEOS_DEPLOYMENT_TARGET = 12.0;
				LD_RUNPATH_SEARCH_PATHS = (
					"$(inherited)",
					"@executable_path/Frameworks",
					"@loader_path/Frameworks",
				);
				MTL_ENABLE_DEBUG_INFO = NO;
				MTL_FAST_MATH = YES;
				PRODUCT_BUNDLE_IDENTIFIER = "com.WeZZard.OrderedDictionary-iOSTests";
				PRODUCT_NAME = "$(TARGET_NAME)";
				SDKROOT = iphoneos;
				SWIFT_COMPILATION_MODE = wholemodule;
				SWIFT_OPTIMIZATION_LEVEL = "-O";
				SWIFT_VERSION = 4.2;
				TARGETED_DEVICE_FAMILY = "1,2";
				VALIDATE_PRODUCT = YES;
			};
			name = Release;
		};
		9C953DF521798F34008089A8 /* Debug */ = {
			isa = XCBuildConfiguration;
			buildSettings = {
				ALWAYS_SEARCH_USER_PATHS = NO;
				APPLICATION_EXTENSION_API_ONLY = YES;
				CLANG_ANALYZER_NONNULL = YES;
				CLANG_ANALYZER_NUMBER_OBJECT_CONVERSION = YES_AGGRESSIVE;
				CLANG_CXX_LANGUAGE_STANDARD = "gnu++14";
				CLANG_CXX_LIBRARY = "libc++";
				CLANG_ENABLE_MODULES = YES;
				CLANG_ENABLE_OBJC_ARC = YES;
				CLANG_ENABLE_OBJC_WEAK = YES;
				CLANG_WARN_BLOCK_CAPTURE_AUTORELEASING = YES;
				CLANG_WARN_BOOL_CONVERSION = YES;
				CLANG_WARN_COMMA = YES;
				CLANG_WARN_CONSTANT_CONVERSION = YES;
				CLANG_WARN_DEPRECATED_OBJC_IMPLEMENTATIONS = YES;
				CLANG_WARN_DIRECT_OBJC_ISA_USAGE = YES_ERROR;
				CLANG_WARN_DOCUMENTATION_COMMENTS = YES;
				CLANG_WARN_EMPTY_BODY = YES;
				CLANG_WARN_ENUM_CONVERSION = YES;
				CLANG_WARN_INFINITE_RECURSION = YES;
				CLANG_WARN_INT_CONVERSION = YES;
				CLANG_WARN_NON_LITERAL_NULL_CONVERSION = YES;
				CLANG_WARN_OBJC_IMPLICIT_RETAIN_SELF = YES;
				CLANG_WARN_OBJC_LITERAL_CONVERSION = YES;
				CLANG_WARN_OBJC_ROOT_CLASS = YES_ERROR;
				CLANG_WARN_RANGE_LOOP_ANALYSIS = YES;
				CLANG_WARN_STRICT_PROTOTYPES = YES;
				CLANG_WARN_SUSPICIOUS_MOVE = YES;
				CLANG_WARN_UNGUARDED_AVAILABILITY = YES_AGGRESSIVE;
				CLANG_WARN_UNREACHABLE_CODE = YES;
				CLANG_WARN__DUPLICATE_METHOD_MATCH = YES;
				CODE_SIGN_IDENTITY = "";
				CODE_SIGN_STYLE = Automatic;
				COPY_PHASE_STRIP = NO;
				CURRENT_PROJECT_VERSION = 1;
				DEBUG_INFORMATION_FORMAT = dwarf;
				DEFINES_MODULE = YES;
				DYLIB_COMPATIBILITY_VERSION = 1;
				DYLIB_CURRENT_VERSION = 1;
				DYLIB_INSTALL_NAME_BASE = "@rpath";
				ENABLE_STRICT_OBJC_MSGSEND = YES;
				ENABLE_TESTABILITY = YES;
				GCC_C_LANGUAGE_STANDARD = gnu11;
				GCC_DYNAMIC_NO_PIC = NO;
				GCC_NO_COMMON_BLOCKS = YES;
				GCC_OPTIMIZATION_LEVEL = 0;
				GCC_PREPROCESSOR_DEFINITIONS = (
					"DEBUG=1",
					"$(inherited)",
				);
				GCC_WARN_64_TO_32_BIT_CONVERSION = YES;
				GCC_WARN_ABOUT_RETURN_TYPE = YES_ERROR;
				GCC_WARN_UNDECLARED_SELECTOR = YES;
				GCC_WARN_UNINITIALIZED_AUTOS = YES_AGGRESSIVE;
				GCC_WARN_UNUSED_FUNCTION = YES;
				GCC_WARN_UNUSED_VARIABLE = YES;
				INFOPLIST_FILE = "OrderedHashedCollection/Supporting Files/Info.plist";
				INSTALL_PATH = "$(LOCAL_LIBRARY_DIR)/Frameworks";
				LD_RUNPATH_SEARCH_PATHS = (
					"$(inherited)",
					"@executable_path/Frameworks",
					"@loader_path/Frameworks",
				);
				MTL_ENABLE_DEBUG_INFO = INCLUDE_SOURCE;
				MTL_FAST_MATH = YES;
				ONLY_ACTIVE_ARCH = YES;
				PRODUCT_BUNDLE_IDENTIFIER = "com.WeZZard.OrderedDictionary-watchOS";
				PRODUCT_NAME = OrderedHashedCollection;
				SDKROOT = watchos;
				SKIP_INSTALL = YES;
				SWIFT_ACTIVE_COMPILATION_CONDITIONS = DEBUG;
				SWIFT_OPTIMIZATION_LEVEL = "-Onone";
				SWIFT_VERSION = 4.2;
				TARGETED_DEVICE_FAMILY = 4;
				VERSIONING_SYSTEM = "apple-generic";
				VERSION_INFO_PREFIX = "";
				WATCHOS_DEPLOYMENT_TARGET = 5.0;
			};
			name = Debug;
		};
		9C953DF621798F34008089A8 /* Release */ = {
			isa = XCBuildConfiguration;
			buildSettings = {
				ALWAYS_SEARCH_USER_PATHS = NO;
				APPLICATION_EXTENSION_API_ONLY = YES;
				CLANG_ANALYZER_NONNULL = YES;
				CLANG_ANALYZER_NUMBER_OBJECT_CONVERSION = YES_AGGRESSIVE;
				CLANG_CXX_LANGUAGE_STANDARD = "gnu++14";
				CLANG_CXX_LIBRARY = "libc++";
				CLANG_ENABLE_MODULES = YES;
				CLANG_ENABLE_OBJC_ARC = YES;
				CLANG_ENABLE_OBJC_WEAK = YES;
				CLANG_WARN_BLOCK_CAPTURE_AUTORELEASING = YES;
				CLANG_WARN_BOOL_CONVERSION = YES;
				CLANG_WARN_COMMA = YES;
				CLANG_WARN_CONSTANT_CONVERSION = YES;
				CLANG_WARN_DEPRECATED_OBJC_IMPLEMENTATIONS = YES;
				CLANG_WARN_DIRECT_OBJC_ISA_USAGE = YES_ERROR;
				CLANG_WARN_DOCUMENTATION_COMMENTS = YES;
				CLANG_WARN_EMPTY_BODY = YES;
				CLANG_WARN_ENUM_CONVERSION = YES;
				CLANG_WARN_INFINITE_RECURSION = YES;
				CLANG_WARN_INT_CONVERSION = YES;
				CLANG_WARN_NON_LITERAL_NULL_CONVERSION = YES;
				CLANG_WARN_OBJC_IMPLICIT_RETAIN_SELF = YES;
				CLANG_WARN_OBJC_LITERAL_CONVERSION = YES;
				CLANG_WARN_OBJC_ROOT_CLASS = YES_ERROR;
				CLANG_WARN_RANGE_LOOP_ANALYSIS = YES;
				CLANG_WARN_STRICT_PROTOTYPES = YES;
				CLANG_WARN_SUSPICIOUS_MOVE = YES;
				CLANG_WARN_UNGUARDED_AVAILABILITY = YES_AGGRESSIVE;
				CLANG_WARN_UNREACHABLE_CODE = YES;
				CLANG_WARN__DUPLICATE_METHOD_MATCH = YES;
				CODE_SIGN_IDENTITY = "";
				CODE_SIGN_STYLE = Automatic;
				COPY_PHASE_STRIP = NO;
				CURRENT_PROJECT_VERSION = 1;
				DEBUG_INFORMATION_FORMAT = "dwarf-with-dsym";
				DEFINES_MODULE = YES;
				DYLIB_COMPATIBILITY_VERSION = 1;
				DYLIB_CURRENT_VERSION = 1;
				DYLIB_INSTALL_NAME_BASE = "@rpath";
				ENABLE_NS_ASSERTIONS = NO;
				ENABLE_STRICT_OBJC_MSGSEND = YES;
				GCC_C_LANGUAGE_STANDARD = gnu11;
				GCC_NO_COMMON_BLOCKS = YES;
				GCC_WARN_64_TO_32_BIT_CONVERSION = YES;
				GCC_WARN_ABOUT_RETURN_TYPE = YES_ERROR;
				GCC_WARN_UNDECLARED_SELECTOR = YES;
				GCC_WARN_UNINITIALIZED_AUTOS = YES_AGGRESSIVE;
				GCC_WARN_UNUSED_FUNCTION = YES;
				GCC_WARN_UNUSED_VARIABLE = YES;
				INFOPLIST_FILE = "OrderedHashedCollection/Supporting Files/Info.plist";
				INSTALL_PATH = "$(LOCAL_LIBRARY_DIR)/Frameworks";
				LD_RUNPATH_SEARCH_PATHS = (
					"$(inherited)",
					"@executable_path/Frameworks",
					"@loader_path/Frameworks",
				);
				MTL_ENABLE_DEBUG_INFO = NO;
				MTL_FAST_MATH = YES;
				PRODUCT_BUNDLE_IDENTIFIER = "com.WeZZard.OrderedDictionary-watchOS";
				PRODUCT_NAME = OrderedHashedCollection;
				SDKROOT = watchos;
				SKIP_INSTALL = YES;
				SWIFT_COMPILATION_MODE = wholemodule;
				SWIFT_OPTIMIZATION_LEVEL = "-O";
				SWIFT_VERSION = 4.2;
				TARGETED_DEVICE_FAMILY = 4;
				VALIDATE_PRODUCT = YES;
				VERSIONING_SYSTEM = "apple-generic";
				VERSION_INFO_PREFIX = "";
				WATCHOS_DEPLOYMENT_TARGET = 5.0;
			};
			name = Release;
		};
		9C953E0E21798F3E008089A8 /* Debug */ = {
			isa = XCBuildConfiguration;
			buildSettings = {
				ALWAYS_SEARCH_USER_PATHS = NO;
				CLANG_ANALYZER_NONNULL = YES;
				CLANG_ANALYZER_NUMBER_OBJECT_CONVERSION = YES_AGGRESSIVE;
				CLANG_CXX_LANGUAGE_STANDARD = "gnu++14";
				CLANG_CXX_LIBRARY = "libc++";
				CLANG_ENABLE_MODULES = YES;
				CLANG_ENABLE_OBJC_ARC = YES;
				CLANG_ENABLE_OBJC_WEAK = YES;
				CLANG_WARN_BLOCK_CAPTURE_AUTORELEASING = YES;
				CLANG_WARN_BOOL_CONVERSION = YES;
				CLANG_WARN_COMMA = YES;
				CLANG_WARN_CONSTANT_CONVERSION = YES;
				CLANG_WARN_DEPRECATED_OBJC_IMPLEMENTATIONS = YES;
				CLANG_WARN_DIRECT_OBJC_ISA_USAGE = YES_ERROR;
				CLANG_WARN_DOCUMENTATION_COMMENTS = YES;
				CLANG_WARN_EMPTY_BODY = YES;
				CLANG_WARN_ENUM_CONVERSION = YES;
				CLANG_WARN_INFINITE_RECURSION = YES;
				CLANG_WARN_INT_CONVERSION = YES;
				CLANG_WARN_NON_LITERAL_NULL_CONVERSION = YES;
				CLANG_WARN_OBJC_IMPLICIT_RETAIN_SELF = YES;
				CLANG_WARN_OBJC_LITERAL_CONVERSION = YES;
				CLANG_WARN_OBJC_ROOT_CLASS = YES_ERROR;
				CLANG_WARN_RANGE_LOOP_ANALYSIS = YES;
				CLANG_WARN_STRICT_PROTOTYPES = YES;
				CLANG_WARN_SUSPICIOUS_MOVE = YES;
				CLANG_WARN_UNGUARDED_AVAILABILITY = YES_AGGRESSIVE;
				CLANG_WARN_UNREACHABLE_CODE = YES;
				CLANG_WARN__DUPLICATE_METHOD_MATCH = YES;
				CODE_SIGN_IDENTITY = "";
				CODE_SIGN_STYLE = Automatic;
				COPY_PHASE_STRIP = NO;
				CURRENT_PROJECT_VERSION = 1;
				DEBUG_INFORMATION_FORMAT = dwarf;
				DEFINES_MODULE = YES;
				DYLIB_COMPATIBILITY_VERSION = 1;
				DYLIB_CURRENT_VERSION = 1;
				DYLIB_INSTALL_NAME_BASE = "@rpath";
				ENABLE_STRICT_OBJC_MSGSEND = YES;
				ENABLE_TESTABILITY = YES;
				GCC_C_LANGUAGE_STANDARD = gnu11;
				GCC_DYNAMIC_NO_PIC = NO;
				GCC_NO_COMMON_BLOCKS = YES;
				GCC_OPTIMIZATION_LEVEL = 0;
				GCC_PREPROCESSOR_DEFINITIONS = (
					"DEBUG=1",
					"$(inherited)",
				);
				GCC_WARN_64_TO_32_BIT_CONVERSION = YES;
				GCC_WARN_ABOUT_RETURN_TYPE = YES_ERROR;
				GCC_WARN_UNDECLARED_SELECTOR = YES;
				GCC_WARN_UNINITIALIZED_AUTOS = YES_AGGRESSIVE;
				GCC_WARN_UNUSED_FUNCTION = YES;
				GCC_WARN_UNUSED_VARIABLE = YES;
				INFOPLIST_FILE = "OrderedHashedCollection/Supporting Files/Info.plist";
				INSTALL_PATH = "$(LOCAL_LIBRARY_DIR)/Frameworks";
				LD_RUNPATH_SEARCH_PATHS = (
					"$(inherited)",
					"@executable_path/Frameworks",
					"@loader_path/Frameworks",
				);
				MTL_ENABLE_DEBUG_INFO = INCLUDE_SOURCE;
				MTL_FAST_MATH = YES;
				ONLY_ACTIVE_ARCH = YES;
				PRODUCT_BUNDLE_IDENTIFIER = "com.WeZZard.OrderedDictionary-tvOS";
				PRODUCT_NAME = OrderedHashedCollection;
				SDKROOT = appletvos;
				SKIP_INSTALL = YES;
				SWIFT_ACTIVE_COMPILATION_CONDITIONS = DEBUG;
				SWIFT_OPTIMIZATION_LEVEL = "-Onone";
				SWIFT_VERSION = 4.2;
				TARGETED_DEVICE_FAMILY = 3;
				TVOS_DEPLOYMENT_TARGET = 12.0;
				VERSIONING_SYSTEM = "apple-generic";
				VERSION_INFO_PREFIX = "";
			};
			name = Debug;
		};
		9C953E0F21798F3E008089A8 /* Release */ = {
			isa = XCBuildConfiguration;
			buildSettings = {
				ALWAYS_SEARCH_USER_PATHS = NO;
				CLANG_ANALYZER_NONNULL = YES;
				CLANG_ANALYZER_NUMBER_OBJECT_CONVERSION = YES_AGGRESSIVE;
				CLANG_CXX_LANGUAGE_STANDARD = "gnu++14";
				CLANG_CXX_LIBRARY = "libc++";
				CLANG_ENABLE_MODULES = YES;
				CLANG_ENABLE_OBJC_ARC = YES;
				CLANG_ENABLE_OBJC_WEAK = YES;
				CLANG_WARN_BLOCK_CAPTURE_AUTORELEASING = YES;
				CLANG_WARN_BOOL_CONVERSION = YES;
				CLANG_WARN_COMMA = YES;
				CLANG_WARN_CONSTANT_CONVERSION = YES;
				CLANG_WARN_DEPRECATED_OBJC_IMPLEMENTATIONS = YES;
				CLANG_WARN_DIRECT_OBJC_ISA_USAGE = YES_ERROR;
				CLANG_WARN_DOCUMENTATION_COMMENTS = YES;
				CLANG_WARN_EMPTY_BODY = YES;
				CLANG_WARN_ENUM_CONVERSION = YES;
				CLANG_WARN_INFINITE_RECURSION = YES;
				CLANG_WARN_INT_CONVERSION = YES;
				CLANG_WARN_NON_LITERAL_NULL_CONVERSION = YES;
				CLANG_WARN_OBJC_IMPLICIT_RETAIN_SELF = YES;
				CLANG_WARN_OBJC_LITERAL_CONVERSION = YES;
				CLANG_WARN_OBJC_ROOT_CLASS = YES_ERROR;
				CLANG_WARN_RANGE_LOOP_ANALYSIS = YES;
				CLANG_WARN_STRICT_PROTOTYPES = YES;
				CLANG_WARN_SUSPICIOUS_MOVE = YES;
				CLANG_WARN_UNGUARDED_AVAILABILITY = YES_AGGRESSIVE;
				CLANG_WARN_UNREACHABLE_CODE = YES;
				CLANG_WARN__DUPLICATE_METHOD_MATCH = YES;
				CODE_SIGN_IDENTITY = "";
				CODE_SIGN_STYLE = Automatic;
				COPY_PHASE_STRIP = NO;
				CURRENT_PROJECT_VERSION = 1;
				DEBUG_INFORMATION_FORMAT = "dwarf-with-dsym";
				DEFINES_MODULE = YES;
				DYLIB_COMPATIBILITY_VERSION = 1;
				DYLIB_CURRENT_VERSION = 1;
				DYLIB_INSTALL_NAME_BASE = "@rpath";
				ENABLE_NS_ASSERTIONS = NO;
				ENABLE_STRICT_OBJC_MSGSEND = YES;
				GCC_C_LANGUAGE_STANDARD = gnu11;
				GCC_NO_COMMON_BLOCKS = YES;
				GCC_WARN_64_TO_32_BIT_CONVERSION = YES;
				GCC_WARN_ABOUT_RETURN_TYPE = YES_ERROR;
				GCC_WARN_UNDECLARED_SELECTOR = YES;
				GCC_WARN_UNINITIALIZED_AUTOS = YES_AGGRESSIVE;
				GCC_WARN_UNUSED_FUNCTION = YES;
				GCC_WARN_UNUSED_VARIABLE = YES;
				INFOPLIST_FILE = "OrderedHashedCollection/Supporting Files/Info.plist";
				INSTALL_PATH = "$(LOCAL_LIBRARY_DIR)/Frameworks";
				LD_RUNPATH_SEARCH_PATHS = (
					"$(inherited)",
					"@executable_path/Frameworks",
					"@loader_path/Frameworks",
				);
				MTL_ENABLE_DEBUG_INFO = NO;
				MTL_FAST_MATH = YES;
				PRODUCT_BUNDLE_IDENTIFIER = "com.WeZZard.OrderedDictionary-tvOS";
				PRODUCT_NAME = OrderedHashedCollection;
				SDKROOT = appletvos;
				SKIP_INSTALL = YES;
				SWIFT_COMPILATION_MODE = wholemodule;
				SWIFT_OPTIMIZATION_LEVEL = "-O";
				SWIFT_VERSION = 4.2;
				TARGETED_DEVICE_FAMILY = 3;
				TVOS_DEPLOYMENT_TARGET = 12.0;
				VALIDATE_PRODUCT = YES;
				VERSIONING_SYSTEM = "apple-generic";
				VERSION_INFO_PREFIX = "";
			};
			name = Release;
		};
		9C953E1121798F3E008089A8 /* Debug */ = {
			isa = XCBuildConfiguration;
			buildSettings = {
				ALWAYS_EMBED_SWIFT_STANDARD_LIBRARIES = YES;
				ALWAYS_SEARCH_USER_PATHS = NO;
				CLANG_ANALYZER_NONNULL = YES;
				CLANG_ANALYZER_NUMBER_OBJECT_CONVERSION = YES_AGGRESSIVE;
				CLANG_CXX_LANGUAGE_STANDARD = "gnu++14";
				CLANG_CXX_LIBRARY = "libc++";
				CLANG_ENABLE_MODULES = YES;
				CLANG_ENABLE_OBJC_ARC = YES;
				CLANG_ENABLE_OBJC_WEAK = YES;
				CLANG_WARN_BLOCK_CAPTURE_AUTORELEASING = YES;
				CLANG_WARN_BOOL_CONVERSION = YES;
				CLANG_WARN_COMMA = YES;
				CLANG_WARN_CONSTANT_CONVERSION = YES;
				CLANG_WARN_DEPRECATED_OBJC_IMPLEMENTATIONS = YES;
				CLANG_WARN_DIRECT_OBJC_ISA_USAGE = YES_ERROR;
				CLANG_WARN_DOCUMENTATION_COMMENTS = YES;
				CLANG_WARN_EMPTY_BODY = YES;
				CLANG_WARN_ENUM_CONVERSION = YES;
				CLANG_WARN_INFINITE_RECURSION = YES;
				CLANG_WARN_INT_CONVERSION = YES;
				CLANG_WARN_NON_LITERAL_NULL_CONVERSION = YES;
				CLANG_WARN_OBJC_IMPLICIT_RETAIN_SELF = YES;
				CLANG_WARN_OBJC_LITERAL_CONVERSION = YES;
				CLANG_WARN_OBJC_ROOT_CLASS = YES_ERROR;
				CLANG_WARN_RANGE_LOOP_ANALYSIS = YES;
				CLANG_WARN_STRICT_PROTOTYPES = YES;
				CLANG_WARN_SUSPICIOUS_MOVE = YES;
				CLANG_WARN_UNGUARDED_AVAILABILITY = YES_AGGRESSIVE;
				CLANG_WARN_UNREACHABLE_CODE = YES;
				CLANG_WARN__DUPLICATE_METHOD_MATCH = YES;
				CODE_SIGN_STYLE = Automatic;
				COPY_PHASE_STRIP = NO;
				DEBUG_INFORMATION_FORMAT = dwarf;
				ENABLE_STRICT_OBJC_MSGSEND = YES;
				ENABLE_TESTABILITY = YES;
				GCC_C_LANGUAGE_STANDARD = gnu11;
				GCC_DYNAMIC_NO_PIC = NO;
				GCC_NO_COMMON_BLOCKS = YES;
				GCC_OPTIMIZATION_LEVEL = 0;
				GCC_PREPROCESSOR_DEFINITIONS = (
					"DEBUG=1",
					"$(inherited)",
				);
				GCC_WARN_64_TO_32_BIT_CONVERSION = YES;
				GCC_WARN_ABOUT_RETURN_TYPE = YES_ERROR;
				GCC_WARN_UNDECLARED_SELECTOR = YES;
				GCC_WARN_UNINITIALIZED_AUTOS = YES_AGGRESSIVE;
				GCC_WARN_UNUSED_FUNCTION = YES;
				GCC_WARN_UNUSED_VARIABLE = YES;
				INFOPLIST_FILE = "OrderedHashedCollectionUnitTests/Supporting Files/Info.plist";
				LD_RUNPATH_SEARCH_PATHS = (
					"$(inherited)",
					"@executable_path/Frameworks",
					"@loader_path/Frameworks",
				);
				MTL_ENABLE_DEBUG_INFO = INCLUDE_SOURCE;
				MTL_FAST_MATH = YES;
				ONLY_ACTIVE_ARCH = YES;
				PRODUCT_BUNDLE_IDENTIFIER = "com.WeZZard.OrderedDictionary-tvOSTests";
				PRODUCT_NAME = "$(TARGET_NAME)";
				SDKROOT = appletvos;
				SWIFT_ACTIVE_COMPILATION_CONDITIONS = DEBUG;
				SWIFT_OPTIMIZATION_LEVEL = "-Onone";
				SWIFT_VERSION = 4.2;
				TARGETED_DEVICE_FAMILY = 3;
				TVOS_DEPLOYMENT_TARGET = 12.0;
			};
			name = Debug;
		};
		9C953E1221798F3E008089A8 /* Release */ = {
			isa = XCBuildConfiguration;
			buildSettings = {
				ALWAYS_EMBED_SWIFT_STANDARD_LIBRARIES = YES;
				ALWAYS_SEARCH_USER_PATHS = NO;
				CLANG_ANALYZER_NONNULL = YES;
				CLANG_ANALYZER_NUMBER_OBJECT_CONVERSION = YES_AGGRESSIVE;
				CLANG_CXX_LANGUAGE_STANDARD = "gnu++14";
				CLANG_CXX_LIBRARY = "libc++";
				CLANG_ENABLE_MODULES = YES;
				CLANG_ENABLE_OBJC_ARC = YES;
				CLANG_ENABLE_OBJC_WEAK = YES;
				CLANG_WARN_BLOCK_CAPTURE_AUTORELEASING = YES;
				CLANG_WARN_BOOL_CONVERSION = YES;
				CLANG_WARN_COMMA = YES;
				CLANG_WARN_CONSTANT_CONVERSION = YES;
				CLANG_WARN_DEPRECATED_OBJC_IMPLEMENTATIONS = YES;
				CLANG_WARN_DIRECT_OBJC_ISA_USAGE = YES_ERROR;
				CLANG_WARN_DOCUMENTATION_COMMENTS = YES;
				CLANG_WARN_EMPTY_BODY = YES;
				CLANG_WARN_ENUM_CONVERSION = YES;
				CLANG_WARN_INFINITE_RECURSION = YES;
				CLANG_WARN_INT_CONVERSION = YES;
				CLANG_WARN_NON_LITERAL_NULL_CONVERSION = YES;
				CLANG_WARN_OBJC_IMPLICIT_RETAIN_SELF = YES;
				CLANG_WARN_OBJC_LITERAL_CONVERSION = YES;
				CLANG_WARN_OBJC_ROOT_CLASS = YES_ERROR;
				CLANG_WARN_RANGE_LOOP_ANALYSIS = YES;
				CLANG_WARN_STRICT_PROTOTYPES = YES;
				CLANG_WARN_SUSPICIOUS_MOVE = YES;
				CLANG_WARN_UNGUARDED_AVAILABILITY = YES_AGGRESSIVE;
				CLANG_WARN_UNREACHABLE_CODE = YES;
				CLANG_WARN__DUPLICATE_METHOD_MATCH = YES;
				CODE_SIGN_STYLE = Automatic;
				COPY_PHASE_STRIP = NO;
				DEBUG_INFORMATION_FORMAT = "dwarf-with-dsym";
				ENABLE_NS_ASSERTIONS = NO;
				ENABLE_STRICT_OBJC_MSGSEND = YES;
				GCC_C_LANGUAGE_STANDARD = gnu11;
				GCC_NO_COMMON_BLOCKS = YES;
				GCC_WARN_64_TO_32_BIT_CONVERSION = YES;
				GCC_WARN_ABOUT_RETURN_TYPE = YES_ERROR;
				GCC_WARN_UNDECLARED_SELECTOR = YES;
				GCC_WARN_UNINITIALIZED_AUTOS = YES_AGGRESSIVE;
				GCC_WARN_UNUSED_FUNCTION = YES;
				GCC_WARN_UNUSED_VARIABLE = YES;
				INFOPLIST_FILE = "OrderedHashedCollectionUnitTests/Supporting Files/Info.plist";
				LD_RUNPATH_SEARCH_PATHS = (
					"$(inherited)",
					"@executable_path/Frameworks",
					"@loader_path/Frameworks",
				);
				MTL_ENABLE_DEBUG_INFO = NO;
				MTL_FAST_MATH = YES;
				PRODUCT_BUNDLE_IDENTIFIER = "com.WeZZard.OrderedDictionary-tvOSTests";
				PRODUCT_NAME = "$(TARGET_NAME)";
				SDKROOT = appletvos;
				SWIFT_COMPILATION_MODE = wholemodule;
				SWIFT_OPTIMIZATION_LEVEL = "-O";
				SWIFT_VERSION = 4.2;
				TARGETED_DEVICE_FAMILY = 3;
				TVOS_DEPLOYMENT_TARGET = 12.0;
				VALIDATE_PRODUCT = YES;
			};
			name = Release;
		};
/* End XCBuildConfiguration section */

/* Begin XCConfigurationList section */
		9C953CE321797EC0008089A8 /* Build configuration list for PBXProject "OrderedHashedCollection" */ = {
			isa = XCConfigurationList;
			buildConfigurations = (
				9C953CE421797EC0008089A8 /* Debug */,
				9C953CE521797EC0008089A8 /* Release */,
			);
			defaultConfigurationIsVisible = 0;
			defaultConfigurationName = Release;
		};
		9C953DC821798F22008089A8 /* Build configuration list for PBXNativeTarget "OrderedHashedCollection-macOS" */ = {
			isa = XCConfigurationList;
			buildConfigurations = (
				9C953DC921798F22008089A8 /* Debug */,
				9C953DCA21798F22008089A8 /* Release */,
			);
			defaultConfigurationIsVisible = 0;
			defaultConfigurationName = Release;
		};
		9C953DCB21798F22008089A8 /* Build configuration list for PBXNativeTarget "OrderedHashedCollectionUnitTests-macOS" */ = {
			isa = XCConfigurationList;
			buildConfigurations = (
				9C953DCC21798F22008089A8 /* Debug */,
				9C953DCD21798F22008089A8 /* Release */,
			);
			defaultConfigurationIsVisible = 0;
			defaultConfigurationName = Release;
		};
		9C953DE421798F2D008089A8 /* Build configuration list for PBXNativeTarget "OrderedHashedCollection-iOS" */ = {
			isa = XCConfigurationList;
			buildConfigurations = (
				9C953DE521798F2D008089A8 /* Debug */,
				9C953DE621798F2D008089A8 /* Release */,
			);
			defaultConfigurationIsVisible = 0;
			defaultConfigurationName = Release;
		};
		9C953DE721798F2D008089A8 /* Build configuration list for PBXNativeTarget "OrderedHashedCollectionUnitTests-iOS" */ = {
			isa = XCConfigurationList;
			buildConfigurations = (
				9C953DE821798F2D008089A8 /* Debug */,
				9C953DE921798F2D008089A8 /* Release */,
			);
			defaultConfigurationIsVisible = 0;
			defaultConfigurationName = Release;
		};
		9C953DF421798F34008089A8 /* Build configuration list for PBXNativeTarget "OrderedHashedCollection-watchOS" */ = {
			isa = XCConfigurationList;
			buildConfigurations = (
				9C953DF521798F34008089A8 /* Debug */,
				9C953DF621798F34008089A8 /* Release */,
			);
			defaultConfigurationIsVisible = 0;
			defaultConfigurationName = Release;
		};
		9C953E0D21798F3E008089A8 /* Build configuration list for PBXNativeTarget "OrderedHashedCollection-tvOS" */ = {
			isa = XCConfigurationList;
			buildConfigurations = (
				9C953E0E21798F3E008089A8 /* Debug */,
				9C953E0F21798F3E008089A8 /* Release */,
			);
			defaultConfigurationIsVisible = 0;
			defaultConfigurationName = Release;
		};
		9C953E1021798F3E008089A8 /* Build configuration list for PBXNativeTarget "OrderedHashedCollectionUnitTests-tvOS" */ = {
			isa = XCConfigurationList;
			buildConfigurations = (
				9C953E1121798F3E008089A8 /* Debug */,
				9C953E1221798F3E008089A8 /* Release */,
			);
			defaultConfigurationIsVisible = 0;
			defaultConfigurationName = Release;
		};
/* End XCConfigurationList section */
	};
	rootObject = 9C953CE021797EC0008089A8 /* Project object */;
}
